// !$*UTF8*$!
{
	archiveVersion = 1;
	classes = {
	};
	objectVersion = 50;
	objects = {

/* Begin PBXBuildFile section */
		3950313F21B1046600101E8A /* Carrier.m in Sources */ = {isa = PBXBuildFile; fileRef = 3950313721B1046500101E8A /* Carrier.m */; };
		3950314021B1046600101E8A /* RN_SESSION.m in Sources */ = {isa = PBXBuildFile; fileRef = 3950313921B1046500101E8A /* RN_SESSION.m */; };
		3950314121B1046600101E8A /* CarrierPlugin.m in Sources */ = {isa = PBXBuildFile; fileRef = 3950313C21B1046600101E8A /* CarrierPlugin.m */; };
		3950314221B1046600101E8A /* FriendSessionStream.m in Sources */ = {isa = PBXBuildFile; fileRef = 3950313E21B1046600101E8A /* FriendSessionStream.m */; };
		395031E021B10E6300101E8A /* ElastosCarrier.framework in Frameworks */ = {isa = PBXBuildFile; fileRef = 395031DF21B10E6200101E8A /* ElastosCarrier.framework */; };
		395031E121B10E6600101E8A /* ElastosCarrier.framework in CopyFiles */ = {isa = PBXBuildFile; fileRef = 395031DF21B10E6200101E8A /* ElastosCarrier.framework */; settings = {ATTRIBUTES = (CodeSignOnCopy, RemoveHeadersOnCopy, ); }; };
/* End PBXBuildFile section */

/* Begin PBXCopyFilesBuildPhase section */
		39859FB9219C512100DE141B /* CopyFiles */ = {
			isa = PBXCopyFilesBuildPhase;
			buildActionMask = 2147483647;
			dstPath = "";
			dstSubfolderSpec = 10;
			files = (
				395031E121B10E6600101E8A /* ElastosCarrier.framework in CopyFiles */,
			);
			runOnlyForDeploymentPostprocessing = 0;
		};
/* End PBXCopyFilesBuildPhase section */

/* Begin PBXFileReference section */
		3950313721B1046500101E8A /* Carrier.m */ = {isa = PBXFileReference; fileEncoding = 4; lastKnownFileType = sourcecode.c.objc; path = Carrier.m; sourceTree = "<group>"; };
		3950313821B1046500101E8A /* FriendSessionStream.h */ = {isa = PBXFileReference; fileEncoding = 4; lastKnownFileType = sourcecode.c.h; path = FriendSessionStream.h; sourceTree = "<group>"; };
		3950313921B1046500101E8A /* RN_SESSION.m */ = {isa = PBXFileReference; fileEncoding = 4; lastKnownFileType = sourcecode.c.objc; path = RN_SESSION.m; sourceTree = "<group>"; };
		3950313A21B1046500101E8A /* Carrier.h */ = {isa = PBXFileReference; fileEncoding = 4; lastKnownFileType = sourcecode.c.h; path = Carrier.h; sourceTree = "<group>"; };
		3950313B21B1046500101E8A /* RN_SESSION.h */ = {isa = PBXFileReference; fileEncoding = 4; lastKnownFileType = sourcecode.c.h; path = RN_SESSION.h; sourceTree = "<group>"; };
		3950313C21B1046600101E8A /* CarrierPlugin.m */ = {isa = PBXFileReference; fileEncoding = 4; lastKnownFileType = sourcecode.c.objc; path = CarrierPlugin.m; sourceTree = "<group>"; };
		3950313D21B1046600101E8A /* CarrierPlugin.h */ = {isa = PBXFileReference; fileEncoding = 4; lastKnownFileType = sourcecode.c.h; path = CarrierPlugin.h; sourceTree = "<group>"; };
		3950313E21B1046600101E8A /* FriendSessionStream.m */ = {isa = PBXFileReference; fileEncoding = 4; lastKnownFileType = sourcecode.c.objc; path = FriendSessionStream.m; sourceTree = "<group>"; };
		395031DF21B10E6200101E8A /* ElastosCarrier.framework */ = {isa = PBXFileReference; lastKnownFileType = wrapper.framework; path = ElastosCarrier.framework; sourceTree = "<group>"; };
		39859FBB219C512100DE141B /* libCarrier.a */ = {isa = PBXFileReference; explicitFileType = archive.ar; includeInIndex = 0; path = libCarrier.a; sourceTree = BUILT_PRODUCTS_DIR; };
		39F7626321A68E5F0019C968 /* ElastosCarrier.h */ = {isa = PBXFileReference; lastKnownFileType = sourcecode.c.h; name = ElastosCarrier.h; path = ElastosCarrier.framework/Headers/ElastosCarrier.h; sourceTree = "<group>"; };
/* End PBXFileReference section */

/* Begin PBXFrameworksBuildPhase section */
		39859FB8219C512100DE141B /* Frameworks */ = {
			isa = PBXFrameworksBuildPhase;
			buildActionMask = 2147483647;
			files = (
				395031E021B10E6300101E8A /* ElastosCarrier.framework in Frameworks */,
			);
			runOnlyForDeploymentPostprocessing = 0;
		};
/* End PBXFrameworksBuildPhase section */

/* Begin PBXGroup section */
		39859FB2219C512100DE141B = {
			isa = PBXGroup;
			children = (
				3950313A21B1046500101E8A /* Carrier.h */,
				3950313721B1046500101E8A /* Carrier.m */,
				3950313D21B1046600101E8A /* CarrierPlugin.h */,
				3950313C21B1046600101E8A /* CarrierPlugin.m */,
				3950313821B1046500101E8A /* FriendSessionStream.h */,
				3950313E21B1046600101E8A /* FriendSessionStream.m */,
				3950313B21B1046500101E8A /* RN_SESSION.h */,
				3950313921B1046500101E8A /* RN_SESSION.m */,
				39F7626321A68E5F0019C968 /* ElastosCarrier.h */,
				39859FBC219C512100DE141B /* Products */,
				399BDD0F219D378800453AA7 /* Frameworks */,
			);
			sourceTree = "<group>";
		};
		39859FBC219C512100DE141B /* Products */ = {
			isa = PBXGroup;
			children = (
				39859FBB219C512100DE141B /* libCarrier.a */,
			);
			name = Products;
			sourceTree = "<group>";
		};
		399BDD0F219D378800453AA7 /* Frameworks */ = {
			isa = PBXGroup;
			children = (
				395031DF21B10E6200101E8A /* ElastosCarrier.framework */,
			);
			name = Frameworks;
			sourceTree = "<group>";
		};
/* End PBXGroup section */

/* Begin PBXNativeTarget section */
		39859FBA219C512100DE141B /* Carrier */ = {
			isa = PBXNativeTarget;
			buildConfigurationList = 39859FC4219C512100DE141B /* Build configuration list for PBXNativeTarget "Carrier" */;
			buildPhases = (
				39859FB7219C512100DE141B /* Sources */,
				39859FB8219C512100DE141B /* Frameworks */,
				39859FB9219C512100DE141B /* CopyFiles */,
			);
			buildRules = (
			);
			dependencies = (
			);
			name = Carrier;
			productName = Carrier;
			productReference = 39859FBB219C512100DE141B /* libCarrier.a */;
			productType = "com.apple.product-type.library.static";
		};
/* End PBXNativeTarget section */

/* Begin PBXProject section */
		39859FB3219C512100DE141B /* Project object */ = {
			isa = PBXProject;
			attributes = {
				LastUpgradeCheck = 1000;
				ORGANIZATIONNAME = elastos;
				TargetAttributes = {
					39859FBA219C512100DE141B = {
						CreatedOnToolsVersion = 10.0;
					};
				};
			};
			buildConfigurationList = 39859FB6219C512100DE141B /* Build configuration list for PBXProject "Carrier" */;
			compatibilityVersion = "Xcode 9.3";
			developmentRegion = en;
			hasScannedForEncodings = 0;
			knownRegions = (
				en,
			);
			mainGroup = 39859FB2219C512100DE141B;
			productRefGroup = 39859FBC219C512100DE141B /* Products */;
			projectDirPath = "";
			projectRoot = "";
			targets = (
				39859FBA219C512100DE141B /* Carrier */,
			);
		};
/* End PBXProject section */

/* Begin PBXSourcesBuildPhase section */
		39859FB7219C512100DE141B /* Sources */ = {
			isa = PBXSourcesBuildPhase;
			buildActionMask = 2147483647;
			files = (
				3950314221B1046600101E8A /* FriendSessionStream.m in Sources */,
				3950314121B1046600101E8A /* CarrierPlugin.m in Sources */,
				3950314021B1046600101E8A /* RN_SESSION.m in Sources */,
				3950313F21B1046600101E8A /* Carrier.m in Sources */,
			);
			runOnlyForDeploymentPostprocessing = 0;
		};
/* End PBXSourcesBuildPhase section */

/* Begin XCBuildConfiguration section */
		39859FC2219C512100DE141B /* Debug */ = {
			isa = XCBuildConfiguration;
			buildSettings = {
				ALWAYS_EMBED_SWIFT_STANDARD_LIBRARIES = YES;
				ALWAYS_SEARCH_USER_PATHS = NO;
				CLANG_ANALYZER_NONNULL = YES;
				CLANG_ANALYZER_NUMBER_OBJECT_CONVERSION = YES_AGGRESSIVE;
				CLANG_CXX_LANGUAGE_STANDARD = "gnu++14";
				CLANG_CXX_LIBRARY = "libc++";
				CLANG_ENABLE_MODULES = YES;
				CLANG_ENABLE_OBJC_ARC = YES;
				CLANG_ENABLE_OBJC_WEAK = YES;
				CLANG_WARN_BLOCK_CAPTURE_AUTORELEASING = YES;
				CLANG_WARN_BOOL_CONVERSION = YES;
				CLANG_WARN_COMMA = YES;
				CLANG_WARN_CONSTANT_CONVERSION = YES;
				CLANG_WARN_DEPRECATED_OBJC_IMPLEMENTATIONS = YES;
				CLANG_WARN_DIRECT_OBJC_ISA_USAGE = YES_ERROR;
				CLANG_WARN_DOCUMENTATION_COMMENTS = YES;
				CLANG_WARN_EMPTY_BODY = YES;
				CLANG_WARN_ENUM_CONVERSION = YES;
				CLANG_WARN_INFINITE_RECURSION = YES;
				CLANG_WARN_INT_CONVERSION = YES;
				CLANG_WARN_NON_LITERAL_NULL_CONVERSION = YES;
				CLANG_WARN_OBJC_IMPLICIT_RETAIN_SELF = YES;
				CLANG_WARN_OBJC_LITERAL_CONVERSION = YES;
				CLANG_WARN_OBJC_ROOT_CLASS = YES_ERROR;
				CLANG_WARN_RANGE_LOOP_ANALYSIS = YES;
				CLANG_WARN_STRICT_PROTOTYPES = YES;
				CLANG_WARN_SUSPICIOUS_MOVE = YES;
				CLANG_WARN_UNGUARDED_AVAILABILITY = YES_AGGRESSIVE;
				CLANG_WARN_UNREACHABLE_CODE = YES;
				CLANG_WARN__DUPLICATE_METHOD_MATCH = YES;
				CODE_SIGN_IDENTITY = "iPhone Developer";
				COPY_PHASE_STRIP = NO;
				DEBUG_INFORMATION_FORMAT = dwarf;
				ENABLE_STRICT_OBJC_MSGSEND = YES;
				ENABLE_TESTABILITY = YES;
				GCC_C_LANGUAGE_STANDARD = gnu11;
				GCC_DYNAMIC_NO_PIC = NO;
				GCC_NO_COMMON_BLOCKS = YES;
				GCC_OPTIMIZATION_LEVEL = 0;
				GCC_PREPROCESSOR_DEFINITIONS = (
					"DEBUG=1",
					"$(inherited)",
				);
				GCC_WARN_64_TO_32_BIT_CONVERSION = YES;
				GCC_WARN_ABOUT_RETURN_TYPE = YES_ERROR;
				GCC_WARN_UNDECLARED_SELECTOR = YES;
				GCC_WARN_UNINITIALIZED_AUTOS = YES_AGGRESSIVE;
				GCC_WARN_UNUSED_FUNCTION = YES;
				GCC_WARN_UNUSED_VARIABLE = YES;
				IPHONEOS_DEPLOYMENT_TARGET = 9.0;
				MTL_ENABLE_DEBUG_INFO = INCLUDE_SOURCE;
				MTL_FAST_MATH = YES;
				ONLY_ACTIVE_ARCH = YES;
				SDKROOT = iphoneos;
			};
			name = Debug;
		};
		39859FC3219C512100DE141B /* Release */ = {
			isa = XCBuildConfiguration;
			buildSettings = {
				ALWAYS_EMBED_SWIFT_STANDARD_LIBRARIES = YES;
				ALWAYS_SEARCH_USER_PATHS = NO;
				CLANG_ANALYZER_NONNULL = YES;
				CLANG_ANALYZER_NUMBER_OBJECT_CONVERSION = YES_AGGRESSIVE;
				CLANG_CXX_LANGUAGE_STANDARD = "gnu++14";
				CLANG_CXX_LIBRARY = "libc++";
				CLANG_ENABLE_MODULES = YES;
				CLANG_ENABLE_OBJC_ARC = YES;
				CLANG_ENABLE_OBJC_WEAK = YES;
				CLANG_WARN_BLOCK_CAPTURE_AUTORELEASING = YES;
				CLANG_WARN_BOOL_CONVERSION = YES;
				CLANG_WARN_COMMA = YES;
				CLANG_WARN_CONSTANT_CONVERSION = YES;
				CLANG_WARN_DEPRECATED_OBJC_IMPLEMENTATIONS = YES;
				CLANG_WARN_DIRECT_OBJC_ISA_USAGE = YES_ERROR;
				CLANG_WARN_DOCUMENTATION_COMMENTS = YES;
				CLANG_WARN_EMPTY_BODY = YES;
				CLANG_WARN_ENUM_CONVERSION = YES;
				CLANG_WARN_INFINITE_RECURSION = YES;
				CLANG_WARN_INT_CONVERSION = YES;
				CLANG_WARN_NON_LITERAL_NULL_CONVERSION = YES;
				CLANG_WARN_OBJC_IMPLICIT_RETAIN_SELF = YES;
				CLANG_WARN_OBJC_LITERAL_CONVERSION = YES;
				CLANG_WARN_OBJC_ROOT_CLASS = YES_ERROR;
				CLANG_WARN_RANGE_LOOP_ANALYSIS = YES;
				CLANG_WARN_STRICT_PROTOTYPES = YES;
				CLANG_WARN_SUSPICIOUS_MOVE = YES;
				CLANG_WARN_UNGUARDED_AVAILABILITY = YES_AGGRESSIVE;
				CLANG_WARN_UNREACHABLE_CODE = YES;
				CLANG_WARN__DUPLICATE_METHOD_MATCH = YES;
				CODE_SIGN_IDENTITY = "iPhone Developer";
				COPY_PHASE_STRIP = NO;
				DEBUG_INFORMATION_FORMAT = "dwarf-with-dsym";
				ENABLE_NS_ASSERTIONS = NO;
				ENABLE_STRICT_OBJC_MSGSEND = YES;
				GCC_C_LANGUAGE_STANDARD = gnu11;
				GCC_NO_COMMON_BLOCKS = YES;
				GCC_WARN_64_TO_32_BIT_CONVERSION = YES;
				GCC_WARN_ABOUT_RETURN_TYPE = YES_ERROR;
				GCC_WARN_UNDECLARED_SELECTOR = YES;
				GCC_WARN_UNINITIALIZED_AUTOS = YES_AGGRESSIVE;
				GCC_WARN_UNUSED_FUNCTION = YES;
				GCC_WARN_UNUSED_VARIABLE = YES;
				IPHONEOS_DEPLOYMENT_TARGET = 9.0;
				MTL_ENABLE_DEBUG_INFO = NO;
				MTL_FAST_MATH = YES;
				SDKROOT = iphoneos;
				VALIDATE_PRODUCT = YES;
			};
			name = Release;
		};
		39859FC5219C512100DE141B /* Debug */ = {
			isa = XCBuildConfiguration;
			buildSettings = {
				ALWAYS_EMBED_SWIFT_STANDARD_LIBRARIES = YES;
				CODE_SIGN_STYLE = Automatic;
				FRAMEWORK_SEARCH_PATHS = (
					"$(inherited)",
					"$(PROJECT_DIR)",
				);
				HEADER_SEARCH_PATHS = (
					"${SRCROOT}",
					"${SRCROOT}/ElastosCarrier.framework/Headers",
				);
				OTHER_LDFLAGS = "-ObjC";
				PRODUCT_NAME = "$(TARGET_NAME)";
				SKIP_INSTALL = YES;
				TARGETED_DEVICE_FAMILY = "1,2";
				VALID_ARCHS = "arm64 armv7";
			};
			name = Debug;
		};
		39859FC6219C512100DE141B /* Release */ = {
			isa = XCBuildConfiguration;
			buildSettings = {
				ALWAYS_EMBED_SWIFT_STANDARD_LIBRARIES = YES;
				CODE_SIGN_STYLE = Automatic;
				FRAMEWORK_SEARCH_PATHS = (
					"$(inherited)",
					"$(PROJECT_DIR)",
				);
				HEADER_SEARCH_PATHS = (
					"${SRCROOT}",
					"${SRCROOT}/ElastosCarrier.framework/Headers",
				);
				OTHER_LDFLAGS = "-ObjC";
				PRODUCT_NAME = "$(TARGET_NAME)";
				SKIP_INSTALL = YES;
				TARGETED_DEVICE_FAMILY = "1,2";
				VALID_ARCHS = "arm64 armv7";
			};
			name = Release;
		};
/* End XCBuildConfiguration section */

/* Begin XCConfigurationList section */
		39859FB6219C512100DE141B /* Build configuration list for PBXProject "Carrier" */ = {
			isa = XCConfigurationList;
			buildConfigurations = (
				39859FC2219C512100DE141B /* Debug */,
				39859FC3219C512100DE141B /* Release */,
			);
			defaultConfigurationIsVisible = 0;
			defaultConfigurationName = Release;
		};
		39859FC4219C512100DE141B /* Build configuration list for PBXNativeTarget "Carrier" */ = {
			isa = XCConfigurationList;
			buildConfigurations = (
				39859FC5219C512100DE141B /* Debug */,
				39859FC6219C512100DE141B /* Release */,
			);
			defaultConfigurationIsVisible = 0;
			defaultConfigurationName = Release;
		};
/* End XCConfigurationList section */
	};
	rootObject = 39859FB3219C512100DE141B /* Project object */;
}
