// !$*UTF8*$!
{
	archiveVersion = 1;
	classes = {
	};
	objectVersion = 50;
	objects = {

/* Begin PBXBuildFile section */
		11054F1D239D1B31008A4500 /* DIDURLTest.swift in Sources */ = {isa = PBXBuildFile; fileRef = 11054F1C239D1B31008A4500 /* DIDURLTest.swift */; };
		11054F1F239D2088008A4500 /* DIDTest.swift in Sources */ = {isa = PBXBuildFile; fileRef = 11054F1E239D2088008A4500 /* DIDTest.swift */; };
		110AD2FF234E44C8006578D6 /* Base58.swift in Sources */ = {isa = PBXBuildFile; fileRef = 110AD2FE234E44C8006578D6 /* Base58.swift */; };
		111BF480235467880043D570 /* Antlr4.framework in Frameworks */ = {isa = PBXBuildFile; fileRef = 110AD2F8234E431D006578D6 /* Antlr4.framework */; };
		111BF481235467880043D570 /* Antlr4.framework in Embed Frameworks */ = {isa = PBXBuildFile; fileRef = 110AD2F8234E431D006578D6 /* Antlr4.framework */; settings = {ATTRIBUTES = (CodeSignOnCopy, RemoveHeadersOnCopy, ); }; };
		111F4B7B239E315C00FEE4E0 /* Base64.swift in Sources */ = {isa = PBXBuildFile; fileRef = 11CA74B1235E06B7006E66F7 /* Base64.swift */; };
		1125B582238234FB00D396B6 /* CHDKey.swift in Sources */ = {isa = PBXBuildFile; fileRef = 1125B57D238234FB00D396B6 /* CHDKey.swift */; };
		1125B583238234FB00D396B6 /* HDkey.h in Headers */ = {isa = PBXBuildFile; fileRef = 1125B57E238234FB00D396B6 /* HDkey.h */; settings = {ATTRIBUTES = (Public, ); }; };
		1125B584238234FB00D396B6 /* crypto.h in Headers */ = {isa = PBXBuildFile; fileRef = 1125B57F238234FB00D396B6 /* crypto.h */; settings = {ATTRIBUTES = (Public, ); }; };
		11267073238CDC610086740D /* SPVAdapter.framework in CopyFiles */ = {isa = PBXBuildFile; fileRef = 11267072238CDC490086740D /* SPVAdapter.framework */; settings = {ATTRIBUTES = (CodeSignOnCopy, RemoveHeadersOnCopy, ); }; };
		1137CFA72398D68500250D4F /* crypto.h in Headers */ = {isa = PBXBuildFile; fileRef = 1125B57F238234FB00D396B6 /* crypto.h */; };
		1137CFA82398D68900250D4F /* HDkey.h in Headers */ = {isa = PBXBuildFile; fileRef = 1125B57E238234FB00D396B6 /* HDkey.h */; };
		1137CFA92398D68D00250D4F /* CHDKey.swift in Sources */ = {isa = PBXBuildFile; fileRef = 1125B57D238234FB00D396B6 /* CHDKey.swift */; };
		1137CFAB2398DE1C00250D4F /* Base58.swift in Sources */ = {isa = PBXBuildFile; fileRef = 110AD2FE234E44C8006578D6 /* Base58.swift */; };
		1155D94B2352FACE00DF8C9D /* ElastosDIDSDK.framework in Frameworks */ = {isa = PBXBuildFile; fileRef = 11F262AA23260CF40009C103 /* ElastosDIDSDK.framework */; };
		116AC38A23A5FA410076BDC7 /* LRUCache.swift in Sources */ = {isa = PBXBuildFile; fileRef = 116AC38523A5FA410076BDC7 /* LRUCache.swift */; };
		116CAA582360092D00BBEE4F /* TestUtils.swift in Sources */ = {isa = PBXBuildFile; fileRef = 116CAA572360092D00BBEE4F /* TestUtils.swift */; };
		1182866B2395194000F1BBA3 /* BulkCreate.swift in Sources */ = {isa = PBXBuildFile; fileRef = 1182866A2395194000F1BBA3 /* BulkCreate.swift */; };
		119338DD237E4DB800C4998E /* TestConfig.swift in Sources */ = {isa = PBXBuildFile; fileRef = 119338DC237E4DB800C4998E /* TestConfig.swift */; };
		11A6B15B238FD79000D3C1F1 /* libcrypto.a in Frameworks */ = {isa = PBXBuildFile; fileRef = 11A6B159238FD77E00D3C1F1 /* libcrypto.a */; };
		11A6B15C238FD79000D3C1F1 /* libhdkey.a in Frameworks */ = {isa = PBXBuildFile; fileRef = 11A6B15A238FD77E00D3C1F1 /* libhdkey.a */; };
		11AF58C123823C2E002F1E1B /* FakeConsoleAdaptor.swift in Sources */ = {isa = PBXBuildFile; fileRef = 110BE6DB236152100026ACC6 /* FakeConsoleAdaptor.swift */; };
		11CA2F8B23530E40009A2067 /* Antlr4.framework in CopyFiles */ = {isa = PBXBuildFile; fileRef = 110AD2F8234E431D006578D6 /* Antlr4.framework */; settings = {ATTRIBUTES = (CodeSignOnCopy, RemoveHeadersOnCopy, ); }; };
		11D03AD423A9D05600549296 /* VerifiableCredentialTest.swift in Sources */ = {isa = PBXBuildFile; fileRef = 11D03AD323A9D05600549296 /* VerifiableCredentialTest.swift */; };
		11D03ADA23A9D50200549296 /* VerifiablePresentationTest.swift in Sources */ = {isa = PBXBuildFile; fileRef = 11D03AD923A9D50200549296 /* VerifiablePresentationTest.swift */; };
		11D4B9B523535E7000453218 /* DIDDoucumentTests.swift in Sources */ = {isa = PBXBuildFile; fileRef = 11D4B9B423535E7000453218 /* DIDDoucumentTests.swift */; };
		11D4B9C723545A5700453218 /* DIDStoreTests.swift in Sources */ = {isa = PBXBuildFile; fileRef = 11D4B9C623545A5700453218 /* DIDStoreTests.swift */; };
		11DA0797238B92A00066CC86 /* SPVAdaptor.swift in Sources */ = {isa = PBXBuildFile; fileRef = 11DA0796238B929F0066CC86 /* SPVAdaptor.swift */; };
		11E09CBC23A8DB5A009B6A8D /* IssuerTest.swift in Sources */ = {isa = PBXBuildFile; fileRef = 11E09CBB23A8DB5A009B6A8D /* IssuerTest.swift */; };
		11E09CBE23A8E033009B6A8D /* TestDataGenerator.swift in Sources */ = {isa = PBXBuildFile; fileRef = 11E09CBD23A8E033009B6A8D /* TestDataGenerator.swift */; };
		11E7519F23A7570A0022C592 /* TestData.swift in Sources */ = {isa = PBXBuildFile; fileRef = 11E7519E23A7570A0022C592 /* TestData.swift */; };
		11E751A523A75A120022C592 /* DummyAdapter.swift in Sources */ = {isa = PBXBuildFile; fileRef = 11E751A423A75A120022C592 /* DummyAdapter.swift */; };
		11E751C023A762000022C592 /* vc-profile.json in Resources */ = {isa = PBXBuildFile; fileRef = 11E751A623A761FC0022C592 /* vc-profile.json */; };
		11E751C123A762000022C592 /* document.json in Resources */ = {isa = PBXBuildFile; fileRef = 11E751A723A761FD0022C592 /* document.json */; };
		11E751C223A762000022C592 /* vc-email.json in Resources */ = {isa = PBXBuildFile; fileRef = 11E751A823A761FD0022C592 /* vc-email.json */; };
		11E751C323A762000022C592 /* vc-twitter.compact.json in Resources */ = {isa = PBXBuildFile; fileRef = 11E751A923A761FD0022C592 /* vc-twitter.compact.json */; };
		11E751C423A762000022C592 /* vp.normalized.json in Resources */ = {isa = PBXBuildFile; fileRef = 11E751AA23A761FD0022C592 /* vp.normalized.json */; };
		11E751C523A762000022C592 /* vp.json in Resources */ = {isa = PBXBuildFile; fileRef = 11E751AB23A761FD0022C592 /* vp.json */; };
		11E751C623A762000022C592 /* document.normalized.json in Resources */ = {isa = PBXBuildFile; fileRef = 11E751AC23A761FD0022C592 /* document.normalized.json */; };
		11E751C723A762000022C592 /* document.primary.sk in Resources */ = {isa = PBXBuildFile; fileRef = 11E751AD23A761FD0022C592 /* document.primary.sk */; };
		11E751C823A762000022C592 /* vc-email.normalized.json in Resources */ = {isa = PBXBuildFile; fileRef = 11E751AE23A761FD0022C592 /* vc-email.normalized.json */; };
		11E751C923A762000022C592 /* vc-passport.compact.json in Resources */ = {isa = PBXBuildFile; fileRef = 11E751AF23A761FD0022C592 /* vc-passport.compact.json */; };
		11E751CA23A762000022C592 /* vc-profile.compact.json in Resources */ = {isa = PBXBuildFile; fileRef = 11E751B023A761FE0022C592 /* vc-profile.compact.json */; };
		11E751CB23A762000022C592 /* dids.restore in Resources */ = {isa = PBXBuildFile; fileRef = 11E751B123A761FE0022C592 /* dids.restore */; };
		11E751CC23A762000022C592 /* document.key3.sk in Resources */ = {isa = PBXBuildFile; fileRef = 11E751B223A761FE0022C592 /* document.key3.sk */; };
		11E751CD23A762000022C592 /* vc-profile.normalized.json in Resources */ = {isa = PBXBuildFile; fileRef = 11E751B323A761FF0022C592 /* vc-profile.normalized.json */; };
		11E751CE23A762000022C592 /* vc-passport.normalized.json in Resources */ = {isa = PBXBuildFile; fileRef = 11E751B423A761FF0022C592 /* vc-passport.normalized.json */; };
		11E751CF23A762000022C592 /* issuer.primary.sk in Resources */ = {isa = PBXBuildFile; fileRef = 11E751B523A761FF0022C592 /* issuer.primary.sk */; };
		11E751D023A762000022C592 /* document.compact.json in Resources */ = {isa = PBXBuildFile; fileRef = 11E751B623A761FF0022C592 /* document.compact.json */; };
		11E751D123A762000022C592 /* issuer.normalized.json in Resources */ = {isa = PBXBuildFile; fileRef = 11E751B723A761FF0022C592 /* issuer.normalized.json */; };
		11E751D223A762000022C592 /* issuer.compact.json in Resources */ = {isa = PBXBuildFile; fileRef = 11E751B823A761FF0022C592 /* issuer.compact.json */; };
		11E751D323A762000022C592 /* vc-twitter.normalized.json in Resources */ = {isa = PBXBuildFile; fileRef = 11E751B923A761FF0022C592 /* vc-twitter.normalized.json */; };
		11E751D423A762000022C592 /* vc-email.compact.json in Resources */ = {isa = PBXBuildFile; fileRef = 11E751BA23A761FF0022C592 /* vc-email.compact.json */; };
		11E751D523A762000022C592 /* issuer.json in Resources */ = {isa = PBXBuildFile; fileRef = 11E751BB23A761FF0022C592 /* issuer.json */; };
		11E751D623A762000022C592 /* vc-passport.json in Resources */ = {isa = PBXBuildFile; fileRef = 11E751BC23A762000022C592 /* vc-passport.json */; };
		11E751D723A762000022C592 /* vc-twitter.json in Resources */ = {isa = PBXBuildFile; fileRef = 11E751BD23A762000022C592 /* vc-twitter.json */; };
		11E751D823A762000022C592 /* document.key2.sk in Resources */ = {isa = PBXBuildFile; fileRef = 11E751BE23A762000022C592 /* document.key2.sk */; };
		11E751D923A762000022C592 /* mnemonic.restore in Resources */ = {isa = PBXBuildFile; fileRef = 11E751BF23A762000022C592 /* mnemonic.restore */; };
		11E751DB23A774DD0022C592 /* IDChainOperationsTest.swift in Sources */ = {isa = PBXBuildFile; fileRef = 11E751DA23A774DD0022C592 /* IDChainOperationsTest.swift */; };
		11E89FD823A4C36000C81B3C /* Constants.swift in Sources */ = {isa = PBXBuildFile; fileRef = 11E89FA723A4C36000C81B3C /* Constants.swift */; };
		11E89FD923A4C36000C81B3C /* DID.swift in Sources */ = {isa = PBXBuildFile; fileRef = 11E89FA823A4C36000C81B3C /* DID.swift */; };
		11E89FDA23A4C36000C81B3C /* DIDStore.swift in Sources */ = {isa = PBXBuildFile; fileRef = 11E89FA923A4C36000C81B3C /* DIDStore.swift */; };
		11E89FDB23A4C36000C81B3C /* VerifiableCredential.swift in Sources */ = {isa = PBXBuildFile; fileRef = 11E89FAB23A4C36000C81B3C /* VerifiableCredential.swift */; };
		11E89FDC23A4C36000C81B3C /* VerifiablePresentation.swift in Sources */ = {isa = PBXBuildFile; fileRef = 11E89FAC23A4C36000C81B3C /* VerifiablePresentation.swift */; };
		11E89FDD23A4C36000C81B3C /* EmbeddedCredential.swift in Sources */ = {isa = PBXBuildFile; fileRef = 11E89FAD23A4C36000C81B3C /* EmbeddedCredential.swift */; };
		11E89FDE23A4C36000C81B3C /* Issuer.swift in Sources */ = {isa = PBXBuildFile; fileRef = 11E89FAE23A4C36000C81B3C /* Issuer.swift */; };
		11E89FDF23A4C36000C81B3C /* Proof.swift in Sources */ = {isa = PBXBuildFile; fileRef = 11E89FAF23A4C36000C81B3C /* Proof.swift */; };
		11E89FE023A4C36000C81B3C /* CredentialSubject.swift in Sources */ = {isa = PBXBuildFile; fileRef = 11E89FB023A4C36000C81B3C /* CredentialSubject.swift */; };
		11E89FE123A4C36000C81B3C /* Service.swift in Sources */ = {isa = PBXBuildFile; fileRef = 11E89FB123A4C36000C81B3C /* Service.swift */; };
		11E89FE223A4C36000C81B3C /* DerivedKey.swift in Sources */ = {isa = PBXBuildFile; fileRef = 11E89FB323A4C36000C81B3C /* DerivedKey.swift */; };
		11E89FE323A4C36000C81B3C /* DateFormater.swift in Sources */ = {isa = PBXBuildFile; fileRef = 11E89FB423A4C36000C81B3C /* DateFormater.swift */; };
		11E89FE423A4C36000C81B3C /* DIDURLComparator.swift in Sources */ = {isa = PBXBuildFile; fileRef = 11E89FB523A4C36000C81B3C /* DIDURLComparator.swift */; };
		11E89FE523A4C36000C81B3C /* HDKey.swift in Sources */ = {isa = PBXBuildFile; fileRef = 11E89FB623A4C36000C81B3C /* HDKey.swift */; };
		11E89FE623A4C36000C81B3C /* JsonHelper.swift in Sources */ = {isa = PBXBuildFile; fileRef = 11E89FB723A4C36000C81B3C /* JsonHelper.swift */; };
		11E89FE723A4C36000C81B3C /* ExtensionInt.swift in Sources */ = {isa = PBXBuildFile; fileRef = 11E89FB823A4C36000C81B3C /* ExtensionInt.swift */; };
		11E89FE823A4C36000C81B3C /* OrderedDictionary.swift in Sources */ = {isa = PBXBuildFile; fileRef = 11E89FB923A4C36000C81B3C /* OrderedDictionary.swift */; };
		11E89FE923A4C36000C81B3C /* PathExtracter.swift in Sources */ = {isa = PBXBuildFile; fileRef = 11E89FBA23A4C36000C81B3C /* PathExtracter.swift */; };
		11E89FEA23A4C36000C81B3C /* DIDAdapter.swift in Sources */ = {isa = PBXBuildFile; fileRef = 11E89FBB23A4C36000C81B3C /* DIDAdapter.swift */; };
		11E89FEB23A4C36000C81B3C /* DIDObject.swift in Sources */ = {isa = PBXBuildFile; fileRef = 11E89FBC23A4C36000C81B3C /* DIDObject.swift */; };
		11E89FEC23A4C36000C81B3C /* DIDBackend.swift in Sources */ = {isa = PBXBuildFile; fileRef = 11E89FBE23A4C36000C81B3C /* DIDBackend.swift */; };
		11E89FED23A4C36000C81B3C /* IDChainRequest.swift in Sources */ = {isa = PBXBuildFile; fileRef = 11E89FBF23A4C36000C81B3C /* IDChainRequest.swift */; };
		11E89FEE23A4C36000C81B3C /* DIDURLLexer.tokens in Resources */ = {isa = PBXBuildFile; fileRef = 11E89FC123A4C36000C81B3C /* DIDURLLexer.tokens */; };
		11E89FEF23A4C36000C81B3C /* DIDURLLexerATN.swift in Sources */ = {isa = PBXBuildFile; fileRef = 11E89FC223A4C36000C81B3C /* DIDURLLexerATN.swift */; };
		11E89FF023A4C36000C81B3C /* DIDURLBaseListener.swift in Sources */ = {isa = PBXBuildFile; fileRef = 11E89FC323A4C36000C81B3C /* DIDURLBaseListener.swift */; };
		11E89FF123A4C36000C81B3C /* DIDURL.tokens in Resources */ = {isa = PBXBuildFile; fileRef = 11E89FC423A4C36000C81B3C /* DIDURL.tokens */; };
		11E89FF223A4C36000C81B3C /* DIDURL.g4 in Resources */ = {isa = PBXBuildFile; fileRef = 11E89FC523A4C36000C81B3C /* DIDURL.g4 */; };
		11E89FF323A4C36000C81B3C /* DIDURLParserATN.swift in Sources */ = {isa = PBXBuildFile; fileRef = 11E89FC623A4C36000C81B3C /* DIDURLParserATN.swift */; };
		11E89FF423A4C36000C81B3C /* ParserHelper.swift in Sources */ = {isa = PBXBuildFile; fileRef = 11E89FC723A4C36000C81B3C /* ParserHelper.swift */; };
		11E89FF523A4C36000C81B3C /* DIDURLLexer.interp in Resources */ = {isa = PBXBuildFile; fileRef = 11E89FC823A4C36000C81B3C /* DIDURLLexer.interp */; };
		11E89FF623A4C36000C81B3C /* DIDURLLexer.swift in Sources */ = {isa = PBXBuildFile; fileRef = 11E89FC923A4C36000C81B3C /* DIDURLLexer.swift */; };
		11E89FF723A4C36000C81B3C /* DIDURLParser.swift in Sources */ = {isa = PBXBuildFile; fileRef = 11E89FCA23A4C36000C81B3C /* DIDURLParser.swift */; };
		11E89FF823A4C36000C81B3C /* DIDURL.interp in Resources */ = {isa = PBXBuildFile; fileRef = 11E89FCB23A4C36000C81B3C /* DIDURL.interp */; };
		11E89FF923A4C36000C81B3C /* DIDURLListener.swift in Sources */ = {isa = PBXBuildFile; fileRef = 11E89FCC23A4C36000C81B3C /* DIDURLListener.swift */; };
		11E89FFA23A4C36000C81B3C /* DIDURL.swift in Sources */ = {isa = PBXBuildFile; fileRef = 11E89FCD23A4C36000C81B3C /* DIDURL.swift */; };
		11E89FFB23A4C36000C81B3C /* DIDDocument.swift in Sources */ = {isa = PBXBuildFile; fileRef = 11E89FCE23A4C36000C81B3C /* DIDDocument.swift */; };
		11E89FFC23A4C36000C81B3C /* DIDPublicKey.swift in Sources */ = {isa = PBXBuildFile; fileRef = 11E89FCF23A4C36000C81B3C /* DIDPublicKey.swift */; };
		11E89FFD23A4C36000C81B3C /* FileSystemStoreBackend.swift in Sources */ = {isa = PBXBuildFile; fileRef = 11E89FD023A4C36000C81B3C /* FileSystemStoreBackend.swift */; };
		11E89FFE23A4C36000C81B3C /* DIDStoreError.swift in Sources */ = {isa = PBXBuildFile; fileRef = 11E89FD223A4C36000C81B3C /* DIDStoreError.swift */; };
		11E89FFF23A4C36000C81B3C /* MalformedDIDError.swift in Sources */ = {isa = PBXBuildFile; fileRef = 11E89FD323A4C36000C81B3C /* MalformedDIDError.swift */; };
		11E8A00023A4C36000C81B3C /* MalformedDocumentError.swift in Sources */ = {isa = PBXBuildFile; fileRef = 11E89FD423A4C36000C81B3C /* MalformedDocumentError.swift */; };
		11E8A00123A4C36000C81B3C /* DIDError.swift in Sources */ = {isa = PBXBuildFile; fileRef = 11E89FD523A4C36000C81B3C /* DIDError.swift */; };
		11E8A00223A4C36000C81B3C /* MalformedDIDURLError.swift in Sources */ = {isa = PBXBuildFile; fileRef = 11E89FD623A4C36000C81B3C /* MalformedDIDURLError.swift */; };
		11E8A00323A4C36000C81B3C /* MalformedCredentialError.swift in Sources */ = {isa = PBXBuildFile; fileRef = 11E89FD723A4C36000C81B3C /* MalformedCredentialError.swift */; };
		11E8A00523A4C39400C81B3C /* DIDResolveError.swift in Sources */ = {isa = PBXBuildFile; fileRef = 11E8A00423A4C39400C81B3C /* DIDResolveError.swift */; };
		11E8A00723A4DAF200C81B3C /* DIDStoreBackend.swift in Sources */ = {isa = PBXBuildFile; fileRef = 11E8A00623A4DAF100C81B3C /* DIDStoreBackend.swift */; };
		11F262AF23260CF40009C103 /* ElastosDIDSDK.h in Headers */ = {isa = PBXBuildFile; fileRef = 11F262AD23260CF40009C103 /* ElastosDIDSDK.h */; settings = {ATTRIBUTES = (Public, ); }; };
/* End PBXBuildFile section */

/* Begin PBXContainerItemProxy section */
		110AD2F7234E431D006578D6 /* PBXContainerItemProxy */ = {
			isa = PBXContainerItemProxy;
			containerPortal = 110AD2F0234E431D006578D6 /* Antlr4.xcodeproj */;
			proxyType = 2;
			remoteGlobalIDString = "Antlr4::Antlr4::Product";
			remoteInfo = Antlr4;
		};
		110AD2F9234E431D006578D6 /* PBXContainerItemProxy */ = {
			isa = PBXContainerItemProxy;
			containerPortal = 110AD2F0234E431D006578D6 /* Antlr4.xcodeproj */;
			proxyType = 2;
			remoteGlobalIDString = "Antlr4::Antlr4Tests::Product";
			remoteInfo = Antlr4Tests;
		};
		11267071238CDC490086740D /* PBXContainerItemProxy */ = {
			isa = PBXContainerItemProxy;
			containerPortal = 1126706D238CDC490086740D /* SPVAdapter.xcodeproj */;
			proxyType = 2;
			remoteGlobalIDString = 11267024238CC7120086740D;
			remoteInfo = SPVAdapter;
		};
		11267074238CDCBA0086740D /* PBXContainerItemProxy */ = {
			isa = PBXContainerItemProxy;
			containerPortal = 110AD2F0234E431D006578D6 /* Antlr4.xcodeproj */;
			proxyType = 1;
			remoteGlobalIDString = "Antlr4::Antlr4";
			remoteInfo = Antlr4;
		};
		1155D94C2352FACE00DF8C9D /* PBXContainerItemProxy */ = {
			isa = PBXContainerItemProxy;
			containerPortal = 11F262A123260CF30009C103 /* Project object */;
			proxyType = 1;
			remoteGlobalIDString = 11F262A923260CF40009C103;
			remoteInfo = ElastosDIDSDK;
		};
/* End PBXContainerItemProxy section */

/* Begin PBXCopyFilesBuildPhase section */
		111BF482235467880043D570 /* Embed Frameworks */ = {
			isa = PBXCopyFilesBuildPhase;
			buildActionMask = 2147483647;
			dstPath = "";
			dstSubfolderSpec = 10;
			files = (
				111BF481235467880043D570 /* Antlr4.framework in Embed Frameworks */,
			);
			name = "Embed Frameworks";
			runOnlyForDeploymentPostprocessing = 0;
		};
		11CA2F8623530E31009A2067 /* CopyFiles */ = {
			isa = PBXCopyFilesBuildPhase;
			buildActionMask = 2147483647;
			dstPath = "";
			dstSubfolderSpec = 10;
			files = (
				11267073238CDC610086740D /* SPVAdapter.framework in CopyFiles */,
				11CA2F8B23530E40009A2067 /* Antlr4.framework in CopyFiles */,
			);
			runOnlyForDeploymentPostprocessing = 0;
		};
/* End PBXCopyFilesBuildPhase section */

/* Begin PBXFileReference section */
		11054F1C239D1B31008A4500 /* DIDURLTest.swift */ = {isa = PBXFileReference; lastKnownFileType = sourcecode.swift; path = DIDURLTest.swift; sourceTree = "<group>"; };
		11054F1E239D2088008A4500 /* DIDTest.swift */ = {isa = PBXFileReference; lastKnownFileType = sourcecode.swift; path = DIDTest.swift; sourceTree = "<group>"; };
		1109D08423275CFE00A03D56 /* Antlr4.framework */ = {isa = PBXFileReference; lastKnownFileType = wrapper.framework; path = Antlr4.framework; sourceTree = "<group>"; };
		110AD2F0234E431D006578D6 /* Antlr4.xcodeproj */ = {isa = PBXFileReference; lastKnownFileType = "wrapper.pb-project"; name = Antlr4.xcodeproj; path = Antlr4/Antlr4.xcodeproj; sourceTree = "<group>"; };
		110AD2FE234E44C8006578D6 /* Base58.swift */ = {isa = PBXFileReference; fileEncoding = 4; lastKnownFileType = sourcecode.swift; path = Base58.swift; sourceTree = "<group>"; };
		110BE6DB236152100026ACC6 /* FakeConsoleAdaptor.swift */ = {isa = PBXFileReference; lastKnownFileType = sourcecode.swift; name = FakeConsoleAdaptor.swift; path = ElastosDIDSDKTests/FakeConsoleAdaptor.swift; sourceTree = SOURCE_ROOT; };
		1125B5752382302800D396B6 /* libz.tbd */ = {isa = PBXFileReference; lastKnownFileType = "sourcecode.text-based-dylib-definition"; name = libz.tbd; path = Platforms/MacOSX.platform/Developer/SDKs/MacOSX10.15.sdk/usr/lib/libz.tbd; sourceTree = DEVELOPER_DIR; };
		1125B57D238234FB00D396B6 /* CHDKey.swift */ = {isa = PBXFileReference; fileEncoding = 4; lastKnownFileType = sourcecode.swift; name = CHDKey.swift; path = include/CHDKey.swift; sourceTree = "<group>"; };
		1125B57E238234FB00D396B6 /* HDkey.h */ = {isa = PBXFileReference; fileEncoding = 4; lastKnownFileType = sourcecode.c.h; name = HDkey.h; path = include/HDkey.h; sourceTree = "<group>"; };
		1125B57F238234FB00D396B6 /* crypto.h */ = {isa = PBXFileReference; fileEncoding = 4; lastKnownFileType = sourcecode.c.h; name = crypto.h; path = include/crypto.h; sourceTree = "<group>"; };
		1125B5852382351700D396B6 /* libboost_thread.a */ = {isa = PBXFileReference; lastKnownFileType = archive.ar; name = libboost_thread.a; path = "Externals/libhdkey/lib/-iphonesimulator/libboost_thread.a"; sourceTree = "<group>"; };
		1125B5862382351700D396B6 /* libspvsdk.a */ = {isa = PBXFileReference; lastKnownFileType = archive.ar; name = libspvsdk.a; path = "Externals/libhdkey/lib/-iphonesimulator/libspvsdk.a"; sourceTree = "<group>"; };
		1125B5872382351700D396B6 /* libtls.a */ = {isa = PBXFileReference; lastKnownFileType = archive.ar; name = libtls.a; path = "Externals/libhdkey/lib/-iphonesimulator/libtls.a"; sourceTree = "<group>"; };
		1125B5882382351700D396B6 /* libcrypto.a */ = {isa = PBXFileReference; lastKnownFileType = archive.ar; name = libcrypto.a; path = "Externals/libhdkey/lib/-iphonesimulator/libcrypto.a"; sourceTree = "<group>"; };
		1125B5892382351700D396B6 /* libfruit.a */ = {isa = PBXFileReference; lastKnownFileType = archive.ar; name = libfruit.a; path = "Externals/libhdkey/lib/-iphonesimulator/libfruit.a"; sourceTree = "<group>"; };
		1125B58A2382351700D396B6 /* libcurl.a */ = {isa = PBXFileReference; lastKnownFileType = archive.ar; name = libcurl.a; path = "Externals/libhdkey/lib/-iphonesimulator/libcurl.a"; sourceTree = "<group>"; };
		1125B58B2382351700D396B6 /* libcrystal.a */ = {isa = PBXFileReference; lastKnownFileType = archive.ar; name = libcrystal.a; path = "Externals/libhdkey/lib/-iphonesimulator/libcrystal.a"; sourceTree = "<group>"; };
		1125B58C2382351700D396B6 /* libssl.a */ = {isa = PBXFileReference; lastKnownFileType = archive.ar; name = libssl.a; path = "Externals/libhdkey/lib/-iphonesimulator/libssl.a"; sourceTree = "<group>"; };
		1125B58D2382351700D396B6 /* libspdlog.a */ = {isa = PBXFileReference; lastKnownFileType = archive.ar; name = libspdlog.a; path = "Externals/libhdkey/lib/-iphonesimulator/libspdlog.a"; sourceTree = "<group>"; };
		1125B58E2382351700D396B6 /* libspvadapter.a */ = {isa = PBXFileReference; lastKnownFileType = archive.ar; name = libspvadapter.a; path = "Externals/libhdkey/lib/-iphonesimulator/libspvadapter.a"; sourceTree = "<group>"; };
		1125B58F2382351700D396B6 /* libboost_system.a */ = {isa = PBXFileReference; lastKnownFileType = archive.ar; name = libboost_system.a; path = "Externals/libhdkey/lib/-iphonesimulator/libboost_system.a"; sourceTree = "<group>"; };
		1125B5902382351700D396B6 /* libhdkey.a */ = {isa = PBXFileReference; lastKnownFileType = archive.ar; name = libhdkey.a; path = "Externals/libhdkey/lib/-iphonesimulator/libhdkey.a"; sourceTree = "<group>"; };
		1125B5912382351700D396B6 /* libboost_filesystem.a */ = {isa = PBXFileReference; lastKnownFileType = archive.ar; name = libboost_filesystem.a; path = "Externals/libhdkey/lib/-iphonesimulator/libboost_filesystem.a"; sourceTree = "<group>"; };
		1125B5922382351700D396B6 /* libcjson.a */ = {isa = PBXFileReference; lastKnownFileType = archive.ar; name = libcjson.a; path = "Externals/libhdkey/lib/-iphonesimulator/libcjson.a"; sourceTree = "<group>"; };
		1125B5932382351700D396B6 /* libcunit.a */ = {isa = PBXFileReference; lastKnownFileType = archive.ar; name = libcunit.a; path = "Externals/libhdkey/lib/-iphonesimulator/libcunit.a"; sourceTree = "<group>"; };
		1125B5942382351800D396B6 /* libsqlite3.a */ = {isa = PBXFileReference; lastKnownFileType = archive.ar; name = libsqlite3.a; path = "Externals/libhdkey/lib/-iphonesimulator/libsqlite3.a"; sourceTree = "<group>"; };
		1126706D238CDC490086740D /* SPVAdapter.xcodeproj */ = {isa = PBXFileReference; lastKnownFileType = "wrapper.pb-project"; name = SPVAdapter.xcodeproj; path = SPVAdapter/SPVAdapter.xcodeproj; sourceTree = "<group>"; };
		1155D9462352FACE00DF8C9D /* ElastosDIDSDKTests.xctest */ = {isa = PBXFileReference; explicitFileType = wrapper.cfbundle; includeInIndex = 0; path = ElastosDIDSDKTests.xctest; sourceTree = BUILT_PRODUCTS_DIR; };
		1155D94A2352FACE00DF8C9D /* Info.plist */ = {isa = PBXFileReference; lastKnownFileType = text.plist.xml; path = Info.plist; sourceTree = "<group>"; };
		116AC38523A5FA410076BDC7 /* LRUCache.swift */ = {isa = PBXFileReference; fileEncoding = 4; lastKnownFileType = sourcecode.swift; path = LRUCache.swift; sourceTree = "<group>"; };
		116CAA572360092D00BBEE4F /* TestUtils.swift */ = {isa = PBXFileReference; lastKnownFileType = sourcecode.swift; name = TestUtils.swift; path = TestUtils/TestUtils.swift; sourceTree = "<group>"; };
		1182866A2395194000F1BBA3 /* BulkCreate.swift */ = {isa = PBXFileReference; lastKnownFileType = sourcecode.swift; path = BulkCreate.swift; sourceTree = "<group>"; };
		119338DC237E4DB800C4998E /* TestConfig.swift */ = {isa = PBXFileReference; lastKnownFileType = sourcecode.swift; name = TestConfig.swift; path = TestUtils/TestConfig.swift; sourceTree = "<group>"; };
		119338E2237E622300C4998E /* libc++.1.tbd */ = {isa = PBXFileReference; lastKnownFileType = "sourcecode.text-based-dylib-definition"; name = "libc++.1.tbd"; path = "Platforms/MacOSX.platform/Developer/SDKs/MacOSX10.15.sdk/usr/lib/libc++.1.tbd"; sourceTree = DEVELOPER_DIR; };
		119338E4237E623100C4998E /* libc++.tbd */ = {isa = PBXFileReference; lastKnownFileType = "sourcecode.text-based-dylib-definition"; name = "libc++.tbd"; path = "Platforms/MacOSX.platform/Developer/SDKs/MacOSX10.15.sdk/usr/lib/libc++.tbd"; sourceTree = DEVELOPER_DIR; };
		119338E6237E623E00C4998E /* libc++abi.tbd */ = {isa = PBXFileReference; lastKnownFileType = "sourcecode.text-based-dylib-definition"; name = "libc++abi.tbd"; path = "Platforms/MacOSX.platform/Developer/SDKs/MacOSX10.15.sdk/usr/lib/libc++abi.tbd"; sourceTree = DEVELOPER_DIR; };
		11A6B159238FD77E00D3C1F1 /* libcrypto.a */ = {isa = PBXFileReference; lastKnownFileType = archive.ar; name = libcrypto.a; path = "Externals/HDKey/lib/-iphonesimulator/libcrypto.a"; sourceTree = "<group>"; };
		11A6B15A238FD77E00D3C1F1 /* libhdkey.a */ = {isa = PBXFileReference; lastKnownFileType = archive.ar; name = libhdkey.a; path = "Externals/HDKey/lib/-iphonesimulator/libhdkey.a"; sourceTree = "<group>"; };
		11CA74B1235E06B7006E66F7 /* Base64.swift */ = {isa = PBXFileReference; fileEncoding = 4; lastKnownFileType = sourcecode.swift; path = Base64.swift; sourceTree = "<group>"; };
		11D03AD323A9D05600549296 /* VerifiableCredentialTest.swift */ = {isa = PBXFileReference; lastKnownFileType = sourcecode.swift; path = VerifiableCredentialTest.swift; sourceTree = "<group>"; };
		11D03AD923A9D50200549296 /* VerifiablePresentationTest.swift */ = {isa = PBXFileReference; lastKnownFileType = sourcecode.swift; path = VerifiablePresentationTest.swift; sourceTree = "<group>"; };
		11D3C04A23815A3200875E51 /* libspvsdk.a */ = {isa = PBXFileReference; lastKnownFileType = archive.ar; name = libspvsdk.a; path = Externals/libhdkey/libspvsdk.a; sourceTree = "<group>"; };
		11D3C04F23815A3200875E51 /* libsqlite3.a */ = {isa = PBXFileReference; lastKnownFileType = archive.ar; name = libsqlite3.a; path = Externals/libhdkey/libsqlite3.a; sourceTree = "<group>"; };
		11D3C05223815AAF00875E51 /* libboost_thread.a */ = {isa = PBXFileReference; lastKnownFileType = archive.ar; name = libboost_thread.a; path = Externals/libhdkey/libboost_thread.a; sourceTree = "<group>"; };
		11D3C05323815AAF00875E51 /* libboost_filesystem.a */ = {isa = PBXFileReference; lastKnownFileType = archive.ar; name = libboost_filesystem.a; path = Externals/libhdkey/libboost_filesystem.a; sourceTree = "<group>"; };
		11D3C05423815AAF00875E51 /* libboost_system.a */ = {isa = PBXFileReference; lastKnownFileType = archive.ar; name = libboost_system.a; path = Externals/libhdkey/libboost_system.a; sourceTree = "<group>"; };
		11D3C05823815AE500875E51 /* libspdlog.a */ = {isa = PBXFileReference; lastKnownFileType = archive.ar; name = libspdlog.a; path = Externals/libhdkey/libspdlog.a; sourceTree = "<group>"; };
		11D3C05A23815B1800875E51 /* libcjson.a */ = {isa = PBXFileReference; lastKnownFileType = archive.ar; name = libcjson.a; path = Externals/libhdkey/libcjson.a; sourceTree = "<group>"; };
		11D3C05C23815B2900875E51 /* libcrystal.a */ = {isa = PBXFileReference; lastKnownFileType = archive.ar; name = libcrystal.a; path = Externals/libhdkey/libcrystal.a; sourceTree = "<group>"; };
		11D3C05E23815B5100875E51 /* libcunit.a */ = {isa = PBXFileReference; lastKnownFileType = archive.ar; name = libcunit.a; path = ../Elastos.DID.Native.SDK_3/build/ios/intermediates/lib/libcunit.a; sourceTree = "<group>"; };
		11D3C06023815B6500875E51 /* libcunit.a */ = {isa = PBXFileReference; lastKnownFileType = archive.ar; name = libcunit.a; path = Externals/libhdkey/libcunit.a; sourceTree = "<group>"; };
		11D3C06223815B7D00875E51 /* libcurl.a */ = {isa = PBXFileReference; lastKnownFileType = archive.ar; name = libcurl.a; path = Externals/libhdkey/libcurl.a; sourceTree = "<group>"; };
		11D3C06423815B9500875E51 /* libfruit.a */ = {isa = PBXFileReference; lastKnownFileType = archive.ar; name = libfruit.a; path = Externals/libhdkey/libfruit.a; sourceTree = "<group>"; };
		11D3C06623815BB400875E51 /* libssl.a */ = {isa = PBXFileReference; lastKnownFileType = archive.ar; name = libssl.a; path = Externals/libhdkey/libssl.a; sourceTree = "<group>"; };
		11D3C06723815BB800875E51 /* libtls.a */ = {isa = PBXFileReference; lastKnownFileType = archive.ar; name = libtls.a; path = Externals/libhdkey/libtls.a; sourceTree = "<group>"; };
		11D3C06E23815E3600875E51 /* libcunit.la */ = {isa = PBXFileReference; lastKnownFileType = text; name = libcunit.la; path = Externals/libhdkey/libcunit.la; sourceTree = "<group>"; };
		11D3C06F23815E4300875E51 /* libcurl.la */ = {isa = PBXFileReference; lastKnownFileType = text; name = libcurl.la; path = Externals/libhdkey/libcurl.la; sourceTree = "<group>"; };
		11D4B9B423535E7000453218 /* DIDDoucumentTests.swift */ = {isa = PBXFileReference; lastKnownFileType = sourcecode.swift; path = DIDDoucumentTests.swift; sourceTree = "<group>"; };
		11D4B9C623545A5700453218 /* DIDStoreTests.swift */ = {isa = PBXFileReference; lastKnownFileType = sourcecode.swift; path = DIDStoreTests.swift; sourceTree = "<group>"; };
		11DA06DD238B7B750066CC86 /* libspvsdk.a */ = {isa = PBXFileReference; lastKnownFileType = archive.ar; name = libspvsdk.a; path = ElastosDIDSDKTests/spvadapter/lib/libspvsdk.a; sourceTree = "<group>"; };
		11DA06DE238B7B750066CC86 /* libcjson.a */ = {isa = PBXFileReference; lastKnownFileType = archive.ar; name = libcjson.a; path = ElastosDIDSDKTests/spvadapter/lib/libcjson.a; sourceTree = "<group>"; };
		11DA06DF238B7B750066CC86 /* libtls.a */ = {isa = PBXFileReference; lastKnownFileType = archive.ar; name = libtls.a; path = ElastosDIDSDKTests/spvadapter/lib/libtls.a; sourceTree = "<group>"; };
		11DA06E0238B7B750066CC86 /* libcunit.a */ = {isa = PBXFileReference; lastKnownFileType = archive.ar; name = libcunit.a; path = ElastosDIDSDKTests/spvadapter/lib/libcunit.a; sourceTree = "<group>"; };
		11DA06E1238B7B750066CC86 /* libspdlog.a */ = {isa = PBXFileReference; lastKnownFileType = archive.ar; name = libspdlog.a; path = ElastosDIDSDKTests/spvadapter/lib/libspdlog.a; sourceTree = "<group>"; };
		11DA06E2238B7B760066CC86 /* libboost_system.a */ = {isa = PBXFileReference; lastKnownFileType = archive.ar; name = libboost_system.a; path = ElastosDIDSDKTests/spvadapter/lib/libboost_system.a; sourceTree = "<group>"; };
		11DA06E3238B7B760066CC86 /* libfruit.a */ = {isa = PBXFileReference; lastKnownFileType = archive.ar; name = libfruit.a; path = ElastosDIDSDKTests/spvadapter/lib/libfruit.a; sourceTree = "<group>"; };
		11DA06E4238B7B760066CC86 /* libspvadapter.a */ = {isa = PBXFileReference; lastKnownFileType = archive.ar; name = libspvadapter.a; path = ElastosDIDSDKTests/spvadapter/lib/libspvadapter.a; sourceTree = "<group>"; };
		11DA06E5238B7B760066CC86 /* libcrystal.a */ = {isa = PBXFileReference; lastKnownFileType = archive.ar; name = libcrystal.a; path = ElastosDIDSDKTests/spvadapter/lib/libcrystal.a; sourceTree = "<group>"; };
		11DA06E6238B7B760066CC86 /* libssl.a */ = {isa = PBXFileReference; lastKnownFileType = archive.ar; name = libssl.a; path = ElastosDIDSDKTests/spvadapter/lib/libssl.a; sourceTree = "<group>"; };
		11DA06E7238B7B760066CC86 /* libboost_filesystem.a */ = {isa = PBXFileReference; lastKnownFileType = archive.ar; name = libboost_filesystem.a; path = ElastosDIDSDKTests/spvadapter/lib/libboost_filesystem.a; sourceTree = "<group>"; };
		11DA06E8238B7B760066CC86 /* libsqlite3.a */ = {isa = PBXFileReference; lastKnownFileType = archive.ar; name = libsqlite3.a; path = ElastosDIDSDKTests/spvadapter/lib/libsqlite3.a; sourceTree = "<group>"; };
		11DA06E9238B7B760066CC86 /* libcurl.a */ = {isa = PBXFileReference; lastKnownFileType = archive.ar; name = libcurl.a; path = ElastosDIDSDKTests/spvadapter/lib/libcurl.a; sourceTree = "<group>"; };
		11DA06EA238B7B760066CC86 /* libboost_thread.a */ = {isa = PBXFileReference; lastKnownFileType = archive.ar; name = libboost_thread.a; path = ElastosDIDSDKTests/spvadapter/lib/libboost_thread.a; sourceTree = "<group>"; };
		11DA06FE238B7C8F0066CC86 /* ElastosDIDSDKTests-Bridging-Header.h */ = {isa = PBXFileReference; lastKnownFileType = sourcecode.c.h; path = "ElastosDIDSDKTests-Bridging-Header.h"; sourceTree = "<group>"; };
		11DA0796238B929F0066CC86 /* SPVAdaptor.swift */ = {isa = PBXFileReference; fileEncoding = 4; lastKnownFileType = sourcecode.swift; path = SPVAdaptor.swift; sourceTree = "<group>"; };
		11E09CBB23A8DB5A009B6A8D /* IssuerTest.swift */ = {isa = PBXFileReference; lastKnownFileType = sourcecode.swift; path = IssuerTest.swift; sourceTree = "<group>"; };
		11E09CBD23A8E033009B6A8D /* TestDataGenerator.swift */ = {isa = PBXFileReference; lastKnownFileType = sourcecode.swift; path = TestDataGenerator.swift; sourceTree = "<group>"; };
		11E7519E23A7570A0022C592 /* TestData.swift */ = {isa = PBXFileReference; lastKnownFileType = sourcecode.swift; path = TestData.swift; sourceTree = "<group>"; };
		11E751A423A75A120022C592 /* DummyAdapter.swift */ = {isa = PBXFileReference; lastKnownFileType = sourcecode.swift; path = DummyAdapter.swift; sourceTree = "<group>"; };
		11E751A623A761FC0022C592 /* vc-profile.json */ = {isa = PBXFileReference; fileEncoding = 4; lastKnownFileType = text.json; path = "vc-profile.json"; sourceTree = "<group>"; };
		11E751A723A761FD0022C592 /* document.json */ = {isa = PBXFileReference; fileEncoding = 4; lastKnownFileType = text.json; path = document.json; sourceTree = "<group>"; };
		11E751A823A761FD0022C592 /* vc-email.json */ = {isa = PBXFileReference; fileEncoding = 4; lastKnownFileType = text.json; path = "vc-email.json"; sourceTree = "<group>"; };
		11E751A923A761FD0022C592 /* vc-twitter.compact.json */ = {isa = PBXFileReference; fileEncoding = 4; lastKnownFileType = text.json; path = "vc-twitter.compact.json"; sourceTree = "<group>"; };
		11E751AA23A761FD0022C592 /* vp.normalized.json */ = {isa = PBXFileReference; fileEncoding = 4; lastKnownFileType = text.json; path = vp.normalized.json; sourceTree = "<group>"; };
		11E751AB23A761FD0022C592 /* vp.json */ = {isa = PBXFileReference; fileEncoding = 4; lastKnownFileType = text.json; path = vp.json; sourceTree = "<group>"; };
		11E751AC23A761FD0022C592 /* document.normalized.json */ = {isa = PBXFileReference; fileEncoding = 4; lastKnownFileType = text.json; path = document.normalized.json; sourceTree = "<group>"; };
		11E751AD23A761FD0022C592 /* document.primary.sk */ = {isa = PBXFileReference; fileEncoding = 4; lastKnownFileType = text; path = document.primary.sk; sourceTree = "<group>"; };
		11E751AE23A761FD0022C592 /* vc-email.normalized.json */ = {isa = PBXFileReference; fileEncoding = 4; lastKnownFileType = text.json; path = "vc-email.normalized.json"; sourceTree = "<group>"; };
		11E751AF23A761FD0022C592 /* vc-passport.compact.json */ = {isa = PBXFileReference; fileEncoding = 4; lastKnownFileType = text.json; path = "vc-passport.compact.json"; sourceTree = "<group>"; };
		11E751B023A761FE0022C592 /* vc-profile.compact.json */ = {isa = PBXFileReference; fileEncoding = 4; lastKnownFileType = text.json; path = "vc-profile.compact.json"; sourceTree = "<group>"; };
		11E751B123A761FE0022C592 /* dids.restore */ = {isa = PBXFileReference; fileEncoding = 4; lastKnownFileType = text; path = dids.restore; sourceTree = "<group>"; };
		11E751B223A761FE0022C592 /* document.key3.sk */ = {isa = PBXFileReference; fileEncoding = 4; lastKnownFileType = text; path = document.key3.sk; sourceTree = "<group>"; };
		11E751B323A761FF0022C592 /* vc-profile.normalized.json */ = {isa = PBXFileReference; fileEncoding = 4; lastKnownFileType = text.json; path = "vc-profile.normalized.json"; sourceTree = "<group>"; };
		11E751B423A761FF0022C592 /* vc-passport.normalized.json */ = {isa = PBXFileReference; fileEncoding = 4; lastKnownFileType = text.json; path = "vc-passport.normalized.json"; sourceTree = "<group>"; };
		11E751B523A761FF0022C592 /* issuer.primary.sk */ = {isa = PBXFileReference; fileEncoding = 4; lastKnownFileType = text; path = issuer.primary.sk; sourceTree = "<group>"; };
		11E751B623A761FF0022C592 /* document.compact.json */ = {isa = PBXFileReference; fileEncoding = 4; lastKnownFileType = text.json; path = document.compact.json; sourceTree = "<group>"; };
		11E751B723A761FF0022C592 /* issuer.normalized.json */ = {isa = PBXFileReference; fileEncoding = 4; lastKnownFileType = text.json; path = issuer.normalized.json; sourceTree = "<group>"; };
		11E751B823A761FF0022C592 /* issuer.compact.json */ = {isa = PBXFileReference; fileEncoding = 4; lastKnownFileType = text.json; path = issuer.compact.json; sourceTree = "<group>"; };
		11E751B923A761FF0022C592 /* vc-twitter.normalized.json */ = {isa = PBXFileReference; fileEncoding = 4; lastKnownFileType = text.json; path = "vc-twitter.normalized.json"; sourceTree = "<group>"; };
		11E751BA23A761FF0022C592 /* vc-email.compact.json */ = {isa = PBXFileReference; fileEncoding = 4; lastKnownFileType = text.json; path = "vc-email.compact.json"; sourceTree = "<group>"; };
		11E751BB23A761FF0022C592 /* issuer.json */ = {isa = PBXFileReference; fileEncoding = 4; lastKnownFileType = text.json; path = issuer.json; sourceTree = "<group>"; };
		11E751BC23A762000022C592 /* vc-passport.json */ = {isa = PBXFileReference; fileEncoding = 4; lastKnownFileType = text.json; path = "vc-passport.json"; sourceTree = "<group>"; };
		11E751BD23A762000022C592 /* vc-twitter.json */ = {isa = PBXFileReference; fileEncoding = 4; lastKnownFileType = text.json; path = "vc-twitter.json"; sourceTree = "<group>"; };
		11E751BE23A762000022C592 /* document.key2.sk */ = {isa = PBXFileReference; fileEncoding = 4; lastKnownFileType = text; path = document.key2.sk; sourceTree = "<group>"; };
		11E751BF23A762000022C592 /* mnemonic.restore */ = {isa = PBXFileReference; fileEncoding = 4; lastKnownFileType = text; path = mnemonic.restore; sourceTree = "<group>"; };
		11E751DA23A774DD0022C592 /* IDChainOperationsTest.swift */ = {isa = PBXFileReference; lastKnownFileType = sourcecode.swift; path = IDChainOperationsTest.swift; sourceTree = "<group>"; };
		11E89FA723A4C36000C81B3C /* Constants.swift */ = {isa = PBXFileReference; fileEncoding = 4; lastKnownFileType = sourcecode.swift; path = Constants.swift; sourceTree = "<group>"; };
		11E89FA823A4C36000C81B3C /* DID.swift */ = {isa = PBXFileReference; fileEncoding = 4; lastKnownFileType = sourcecode.swift; path = DID.swift; sourceTree = "<group>"; };
		11E89FA923A4C36000C81B3C /* DIDStore.swift */ = {isa = PBXFileReference; fileEncoding = 4; lastKnownFileType = sourcecode.swift; path = DIDStore.swift; sourceTree = "<group>"; };
		11E89FAB23A4C36000C81B3C /* VerifiableCredential.swift */ = {isa = PBXFileReference; fileEncoding = 4; lastKnownFileType = sourcecode.swift; path = VerifiableCredential.swift; sourceTree = "<group>"; };
		11E89FAC23A4C36000C81B3C /* VerifiablePresentation.swift */ = {isa = PBXFileReference; fileEncoding = 4; lastKnownFileType = sourcecode.swift; path = VerifiablePresentation.swift; sourceTree = "<group>"; };
		11E89FAD23A4C36000C81B3C /* EmbeddedCredential.swift */ = {isa = PBXFileReference; fileEncoding = 4; lastKnownFileType = sourcecode.swift; path = EmbeddedCredential.swift; sourceTree = "<group>"; };
		11E89FAE23A4C36000C81B3C /* Issuer.swift */ = {isa = PBXFileReference; fileEncoding = 4; lastKnownFileType = sourcecode.swift; path = Issuer.swift; sourceTree = "<group>"; };
		11E89FAF23A4C36000C81B3C /* Proof.swift */ = {isa = PBXFileReference; fileEncoding = 4; lastKnownFileType = sourcecode.swift; path = Proof.swift; sourceTree = "<group>"; };
		11E89FB023A4C36000C81B3C /* CredentialSubject.swift */ = {isa = PBXFileReference; fileEncoding = 4; lastKnownFileType = sourcecode.swift; path = CredentialSubject.swift; sourceTree = "<group>"; };
		11E89FB123A4C36000C81B3C /* Service.swift */ = {isa = PBXFileReference; fileEncoding = 4; lastKnownFileType = sourcecode.swift; path = Service.swift; sourceTree = "<group>"; };
		11E89FB323A4C36000C81B3C /* DerivedKey.swift */ = {isa = PBXFileReference; fileEncoding = 4; lastKnownFileType = sourcecode.swift; path = DerivedKey.swift; sourceTree = "<group>"; };
		11E89FB423A4C36000C81B3C /* DateFormater.swift */ = {isa = PBXFileReference; fileEncoding = 4; lastKnownFileType = sourcecode.swift; path = DateFormater.swift; sourceTree = "<group>"; };
		11E89FB523A4C36000C81B3C /* DIDURLComparator.swift */ = {isa = PBXFileReference; fileEncoding = 4; lastKnownFileType = sourcecode.swift; path = DIDURLComparator.swift; sourceTree = "<group>"; };
		11E89FB623A4C36000C81B3C /* HDKey.swift */ = {isa = PBXFileReference; fileEncoding = 4; lastKnownFileType = sourcecode.swift; path = HDKey.swift; sourceTree = "<group>"; };
		11E89FB723A4C36000C81B3C /* JsonHelper.swift */ = {isa = PBXFileReference; fileEncoding = 4; lastKnownFileType = sourcecode.swift; path = JsonHelper.swift; sourceTree = "<group>"; };
		11E89FB823A4C36000C81B3C /* ExtensionInt.swift */ = {isa = PBXFileReference; fileEncoding = 4; lastKnownFileType = sourcecode.swift; path = ExtensionInt.swift; sourceTree = "<group>"; };
		11E89FB923A4C36000C81B3C /* OrderedDictionary.swift */ = {isa = PBXFileReference; fileEncoding = 4; lastKnownFileType = sourcecode.swift; path = OrderedDictionary.swift; sourceTree = "<group>"; };
		11E89FBA23A4C36000C81B3C /* PathExtracter.swift */ = {isa = PBXFileReference; fileEncoding = 4; lastKnownFileType = sourcecode.swift; path = PathExtracter.swift; sourceTree = "<group>"; };
		11E89FBB23A4C36000C81B3C /* DIDAdapter.swift */ = {isa = PBXFileReference; fileEncoding = 4; lastKnownFileType = sourcecode.swift; path = DIDAdapter.swift; sourceTree = "<group>"; };
		11E89FBC23A4C36000C81B3C /* DIDObject.swift */ = {isa = PBXFileReference; fileEncoding = 4; lastKnownFileType = sourcecode.swift; path = DIDObject.swift; sourceTree = "<group>"; };
		11E89FBE23A4C36000C81B3C /* DIDBackend.swift */ = {isa = PBXFileReference; fileEncoding = 4; lastKnownFileType = sourcecode.swift; path = DIDBackend.swift; sourceTree = "<group>"; };
		11E89FBF23A4C36000C81B3C /* IDChainRequest.swift */ = {isa = PBXFileReference; fileEncoding = 4; lastKnownFileType = sourcecode.swift; path = IDChainRequest.swift; sourceTree = "<group>"; };
		11E89FC123A4C36000C81B3C /* DIDURLLexer.tokens */ = {isa = PBXFileReference; fileEncoding = 4; lastKnownFileType = text; path = DIDURLLexer.tokens; sourceTree = "<group>"; };
		11E89FC223A4C36000C81B3C /* DIDURLLexerATN.swift */ = {isa = PBXFileReference; fileEncoding = 4; lastKnownFileType = sourcecode.swift; path = DIDURLLexerATN.swift; sourceTree = "<group>"; };
		11E89FC323A4C36000C81B3C /* DIDURLBaseListener.swift */ = {isa = PBXFileReference; fileEncoding = 4; lastKnownFileType = sourcecode.swift; path = DIDURLBaseListener.swift; sourceTree = "<group>"; };
		11E89FC423A4C36000C81B3C /* DIDURL.tokens */ = {isa = PBXFileReference; fileEncoding = 4; lastKnownFileType = text; path = DIDURL.tokens; sourceTree = "<group>"; };
		11E89FC523A4C36000C81B3C /* DIDURL.g4 */ = {isa = PBXFileReference; fileEncoding = 4; lastKnownFileType = text; path = DIDURL.g4; sourceTree = "<group>"; };
		11E89FC623A4C36000C81B3C /* DIDURLParserATN.swift */ = {isa = PBXFileReference; fileEncoding = 4; lastKnownFileType = sourcecode.swift; path = DIDURLParserATN.swift; sourceTree = "<group>"; };
		11E89FC723A4C36000C81B3C /* ParserHelper.swift */ = {isa = PBXFileReference; fileEncoding = 4; lastKnownFileType = sourcecode.swift; path = ParserHelper.swift; sourceTree = "<group>"; };
		11E89FC823A4C36000C81B3C /* DIDURLLexer.interp */ = {isa = PBXFileReference; fileEncoding = 4; lastKnownFileType = text; path = DIDURLLexer.interp; sourceTree = "<group>"; };
		11E89FC923A4C36000C81B3C /* DIDURLLexer.swift */ = {isa = PBXFileReference; fileEncoding = 4; lastKnownFileType = sourcecode.swift; path = DIDURLLexer.swift; sourceTree = "<group>"; };
		11E89FCA23A4C36000C81B3C /* DIDURLParser.swift */ = {isa = PBXFileReference; fileEncoding = 4; lastKnownFileType = sourcecode.swift; path = DIDURLParser.swift; sourceTree = "<group>"; };
		11E89FCB23A4C36000C81B3C /* DIDURL.interp */ = {isa = PBXFileReference; fileEncoding = 4; lastKnownFileType = text; path = DIDURL.interp; sourceTree = "<group>"; };
		11E89FCC23A4C36000C81B3C /* DIDURLListener.swift */ = {isa = PBXFileReference; fileEncoding = 4; lastKnownFileType = sourcecode.swift; path = DIDURLListener.swift; sourceTree = "<group>"; };
		11E89FCD23A4C36000C81B3C /* DIDURL.swift */ = {isa = PBXFileReference; fileEncoding = 4; lastKnownFileType = sourcecode.swift; path = DIDURL.swift; sourceTree = "<group>"; };
		11E89FCE23A4C36000C81B3C /* DIDDocument.swift */ = {isa = PBXFileReference; fileEncoding = 4; lastKnownFileType = sourcecode.swift; path = DIDDocument.swift; sourceTree = "<group>"; };
		11E89FCF23A4C36000C81B3C /* DIDPublicKey.swift */ = {isa = PBXFileReference; fileEncoding = 4; lastKnownFileType = sourcecode.swift; path = DIDPublicKey.swift; sourceTree = "<group>"; };
		11E89FD023A4C36000C81B3C /* FileSystemStoreBackend.swift */ = {isa = PBXFileReference; fileEncoding = 4; lastKnownFileType = sourcecode.swift; path = FileSystemStoreBackend.swift; sourceTree = "<group>"; };
		11E89FD223A4C36000C81B3C /* DIDStoreError.swift */ = {isa = PBXFileReference; fileEncoding = 4; lastKnownFileType = sourcecode.swift; path = DIDStoreError.swift; sourceTree = "<group>"; };
		11E89FD323A4C36000C81B3C /* MalformedDIDError.swift */ = {isa = PBXFileReference; fileEncoding = 4; lastKnownFileType = sourcecode.swift; path = MalformedDIDError.swift; sourceTree = "<group>"; };
		11E89FD423A4C36000C81B3C /* MalformedDocumentError.swift */ = {isa = PBXFileReference; fileEncoding = 4; lastKnownFileType = sourcecode.swift; path = MalformedDocumentError.swift; sourceTree = "<group>"; };
		11E89FD523A4C36000C81B3C /* DIDError.swift */ = {isa = PBXFileReference; fileEncoding = 4; lastKnownFileType = sourcecode.swift; path = DIDError.swift; sourceTree = "<group>"; };
		11E89FD623A4C36000C81B3C /* MalformedDIDURLError.swift */ = {isa = PBXFileReference; fileEncoding = 4; lastKnownFileType = sourcecode.swift; path = MalformedDIDURLError.swift; sourceTree = "<group>"; };
		11E89FD723A4C36000C81B3C /* MalformedCredentialError.swift */ = {isa = PBXFileReference; fileEncoding = 4; lastKnownFileType = sourcecode.swift; path = MalformedCredentialError.swift; sourceTree = "<group>"; };
		11E8A00423A4C39400C81B3C /* DIDResolveError.swift */ = {isa = PBXFileReference; lastKnownFileType = sourcecode.swift; path = DIDResolveError.swift; sourceTree = "<group>"; };
		11E8A00623A4DAF100C81B3C /* DIDStoreBackend.swift */ = {isa = PBXFileReference; lastKnownFileType = sourcecode.swift; path = DIDStoreBackend.swift; sourceTree = "<group>"; };
		11F262AA23260CF40009C103 /* ElastosDIDSDK.framework */ = {isa = PBXFileReference; explicitFileType = wrapper.framework; includeInIndex = 0; path = ElastosDIDSDK.framework; sourceTree = BUILT_PRODUCTS_DIR; };
		11F262AD23260CF40009C103 /* ElastosDIDSDK.h */ = {isa = PBXFileReference; lastKnownFileType = sourcecode.c.h; path = ElastosDIDSDK.h; sourceTree = "<group>"; };
		11F262AE23260CF40009C103 /* Info.plist */ = {isa = PBXFileReference; lastKnownFileType = text.plist.xml; path = Info.plist; sourceTree = "<group>"; };
/* End PBXFileReference section */

/* Begin PBXFrameworksBuildPhase section */
		1155D9432352FACE00DF8C9D /* Frameworks */ = {
			isa = PBXFrameworksBuildPhase;
			buildActionMask = 2147483647;
			files = (
				1155D94B2352FACE00DF8C9D /* ElastosDIDSDK.framework in Frameworks */,
			);
			runOnlyForDeploymentPostprocessing = 0;
		};
		11F262A723260CF40009C103 /* Frameworks */ = {
			isa = PBXFrameworksBuildPhase;
			buildActionMask = 2147483647;
			files = (
				11A6B15C238FD79000D3C1F1 /* libhdkey.a in Frameworks */,
				11A6B15B238FD79000D3C1F1 /* libcrypto.a in Frameworks */,
				111BF480235467880043D570 /* Antlr4.framework in Frameworks */,
			);
			runOnlyForDeploymentPostprocessing = 0;
		};
/* End PBXFrameworksBuildPhase section */

/* Begin PBXGroup section */
		1109D08723275DC600A03D56 /* Frameworks */ = {
			isa = PBXGroup;
			children = (
				11A6B159238FD77E00D3C1F1 /* libcrypto.a */,
				11A6B15A238FD77E00D3C1F1 /* libhdkey.a */,
				1125B5912382351700D396B6 /* libboost_filesystem.a */,
				11DA06E7238B7B760066CC86 /* libboost_filesystem.a */,
				1125B58F2382351700D396B6 /* libboost_system.a */,
				1125B5852382351700D396B6 /* libboost_thread.a */,
				11DA06E2238B7B760066CC86 /* libboost_system.a */,
				11DA06EA238B7B760066CC86 /* libboost_thread.a */,
				1125B5922382351700D396B6 /* libcjson.a */,
				11DA06DE238B7B750066CC86 /* libcjson.a */,
				11DA06E5238B7B760066CC86 /* libcrystal.a */,
				11DA06E0238B7B750066CC86 /* libcunit.a */,
				11DA06E9238B7B760066CC86 /* libcurl.a */,
				11DA06E3238B7B760066CC86 /* libfruit.a */,
				11DA06E1238B7B750066CC86 /* libspdlog.a */,
				11DA06E4238B7B760066CC86 /* libspvadapter.a */,
				11DA06DD238B7B750066CC86 /* libspvsdk.a */,
				11DA06E8238B7B760066CC86 /* libsqlite3.a */,
				11DA06E6238B7B760066CC86 /* libssl.a */,
				11DA06DF238B7B750066CC86 /* libtls.a */,
				1125B5882382351700D396B6 /* libcrypto.a */,
				1125B58B2382351700D396B6 /* libcrystal.a */,
				1125B5932382351700D396B6 /* libcunit.a */,
				1125B58A2382351700D396B6 /* libcurl.a */,
				1125B5892382351700D396B6 /* libfruit.a */,
				1125B5902382351700D396B6 /* libhdkey.a */,
				1125B58D2382351700D396B6 /* libspdlog.a */,
				1125B58E2382351700D396B6 /* libspvadapter.a */,
				1125B5862382351700D396B6 /* libspvsdk.a */,
				1125B5942382351800D396B6 /* libsqlite3.a */,
				1125B58C2382351700D396B6 /* libssl.a */,
				1125B5872382351700D396B6 /* libtls.a */,
				1125B5752382302800D396B6 /* libz.tbd */,
				11D3C06F23815E4300875E51 /* libcurl.la */,
				11D3C06E23815E3600875E51 /* libcunit.la */,
				11D3C06723815BB800875E51 /* libtls.a */,
				11D3C06623815BB400875E51 /* libssl.a */,
				11D3C06423815B9500875E51 /* libfruit.a */,
				11D3C06223815B7D00875E51 /* libcurl.a */,
				11D3C05E23815B5100875E51 /* libcunit.a */,
				11D3C06023815B6500875E51 /* libcunit.a */,
				11D3C05C23815B2900875E51 /* libcrystal.a */,
				11D3C05A23815B1800875E51 /* libcjson.a */,
				11D3C05823815AE500875E51 /* libspdlog.a */,
				11D3C05323815AAF00875E51 /* libboost_filesystem.a */,
				11D3C05423815AAF00875E51 /* libboost_system.a */,
				11D3C05223815AAF00875E51 /* libboost_thread.a */,
				11D3C04A23815A3200875E51 /* libspvsdk.a */,
				11D3C04F23815A3200875E51 /* libsqlite3.a */,
				119338E6237E623E00C4998E /* libc++abi.tbd */,
				119338E4237E623100C4998E /* libc++.tbd */,
				119338E2237E622300C4998E /* libc++.1.tbd */,
				1109D08423275CFE00A03D56 /* Antlr4.framework */,
			);
			name = Frameworks;
			sourceTree = "<group>";
		};
		110AD2F1234E431D006578D6 /* Products */ = {
			isa = PBXGroup;
			children = (
				110AD2F8234E431D006578D6 /* Antlr4.framework */,
				110AD2FA234E431D006578D6 /* Antlr4Tests.xctest */,
			);
			name = Products;
			sourceTree = "<group>";
		};
		110AD2FD234E44BA006578D6 /* base58 */ = {
			isa = PBXGroup;
			children = (
				110AD2FE234E44C8006578D6 /* Base58.swift */,
			);
			path = base58;
			sourceTree = "<group>";
		};
		1126706E238CDC490086740D /* Products */ = {
			isa = PBXGroup;
			children = (
				11267072238CDC490086740D /* SPVAdapter.framework */,
			);
			name = Products;
			sourceTree = "<group>";
		};
		1155D9472352FACE00DF8C9D /* ElastosDIDSDKTests */ = {
			isa = PBXGroup;
			children = (
				11CA74D1235E131B006E66F7 /* Resources */,
				11E751A423A75A120022C592 /* DummyAdapter.swift */,
				11DA0796238B929F0066CC86 /* SPVAdaptor.swift */,
				116CAA56236008FD00BBEE4F /* TestUtils */,
				11D4B9B423535E7000453218 /* DIDDoucumentTests.swift */,
				11D4B9C623545A5700453218 /* DIDStoreTests.swift */,
				11054F1E239D2088008A4500 /* DIDTest.swift */,
				11054F1C239D1B31008A4500 /* DIDURLTest.swift */,
				11E751DA23A774DD0022C592 /* IDChainOperationsTest.swift */,
				11E09CBB23A8DB5A009B6A8D /* IssuerTest.swift */,
				11E7519E23A7570A0022C592 /* TestData.swift */,
				11E09CBD23A8E033009B6A8D /* TestDataGenerator.swift */,
				11D03AD323A9D05600549296 /* VerifiableCredentialTest.swift */,
				11D03AD923A9D50200549296 /* VerifiablePresentationTest.swift */,
				110BE6DB236152100026ACC6 /* FakeConsoleAdaptor.swift */,
				1182866A2395194000F1BBA3 /* BulkCreate.swift */,
				1155D94A2352FACE00DF8C9D /* Info.plist */,
				11DA06FE238B7C8F0066CC86 /* ElastosDIDSDKTests-Bridging-Header.h */,
			);
			path = ElastosDIDSDKTests;
			sourceTree = "<group>";
		};
		116C94E8234D825B00BA9777 /* HDKey */ = {
			isa = PBXGroup;
			children = (
				1125B57D238234FB00D396B6 /* CHDKey.swift */,
				1125B57F238234FB00D396B6 /* crypto.h */,
				1125B57E238234FB00D396B6 /* HDkey.h */,
			);
			path = HDKey;
			sourceTree = "<group>";
		};
		116CAA56236008FD00BBEE4F /* TestUtils */ = {
			isa = PBXGroup;
			children = (
				11CA74B1235E06B7006E66F7 /* Base64.swift */,
				116CAA572360092D00BBEE4F /* TestUtils.swift */,
				119338DC237E4DB800C4998E /* TestConfig.swift */,
			);
			name = TestUtils;
			sourceTree = "<group>";
		};
		11CA74D1235E131B006E66F7 /* Resources */ = {
			isa = PBXGroup;
			children = (
				11E751B123A761FE0022C592 /* dids.restore */,
				11E751B623A761FF0022C592 /* document.compact.json */,
				11E751A723A761FD0022C592 /* document.json */,
				11E751BE23A762000022C592 /* document.key2.sk */,
				11E751B223A761FE0022C592 /* document.key3.sk */,
				11E751AC23A761FD0022C592 /* document.normalized.json */,
				11E751AD23A761FD0022C592 /* document.primary.sk */,
				11E751B823A761FF0022C592 /* issuer.compact.json */,
				11E751BB23A761FF0022C592 /* issuer.json */,
				11E751B723A761FF0022C592 /* issuer.normalized.json */,
				11E751B523A761FF0022C592 /* issuer.primary.sk */,
				11E751BF23A762000022C592 /* mnemonic.restore */,
				11E751BA23A761FF0022C592 /* vc-email.compact.json */,
				11E751A823A761FD0022C592 /* vc-email.json */,
				11E751AE23A761FD0022C592 /* vc-email.normalized.json */,
				11E751AF23A761FD0022C592 /* vc-passport.compact.json */,
				11E751BC23A762000022C592 /* vc-passport.json */,
				11E751B423A761FF0022C592 /* vc-passport.normalized.json */,
				11E751B023A761FE0022C592 /* vc-profile.compact.json */,
				11E751A623A761FC0022C592 /* vc-profile.json */,
				11E751B323A761FF0022C592 /* vc-profile.normalized.json */,
				11E751A923A761FD0022C592 /* vc-twitter.compact.json */,
				11E751BD23A762000022C592 /* vc-twitter.json */,
				11E751B923A761FF0022C592 /* vc-twitter.normalized.json */,
				11E751AB23A761FD0022C592 /* vp.json */,
				11E751AA23A761FD0022C592 /* vp.normalized.json */,
			);
			path = Resources;
			sourceTree = "<group>";
		};
		11E3F791233D121900EF35C3 /* Externals */ = {
			isa = PBXGroup;
			children = (
				1126706D238CDC490086740D /* SPVAdapter.xcodeproj */,
				110AD2FD234E44BA006578D6 /* base58 */,
				110AD2F0234E431D006578D6 /* Antlr4.xcodeproj */,
				116C94E8234D825B00BA9777 /* HDKey */,
			);
			path = Externals;
			sourceTree = "<group>";
		};
		11E89FA623A4C36000C81B3C /* DID */ = {
			isa = PBXGroup;
			children = (
				11E89FC023A4C36000C81B3C /* Parser */,
				11E89FD123A4C36000C81B3C /* Exception */,
				11E89FBD23A4C36000C81B3C /* Backend */,
				11E89FB223A4C36000C81B3C /* Util */,
				11E89FA723A4C36000C81B3C /* Constants.swift */,
				11E89FA823A4C36000C81B3C /* DID.swift */,
				11E89FBB23A4C36000C81B3C /* DIDAdapter.swift */,
				11E89FCE23A4C36000C81B3C /* DIDDocument.swift */,
				11E89FBC23A4C36000C81B3C /* DIDObject.swift */,
				11E89FA923A4C36000C81B3C /* DIDStore.swift */,
				11E8A00623A4DAF100C81B3C /* DIDStoreBackend.swift */,
				11E89FCD23A4C36000C81B3C /* DIDURL.swift */,
				11E89FD023A4C36000C81B3C /* FileSystemStoreBackend.swift */,
				11E89FAE23A4C36000C81B3C /* Issuer.swift */,
				11E89FAB23A4C36000C81B3C /* VerifiableCredential.swift */,
				11E89FAC23A4C36000C81B3C /* VerifiablePresentation.swift */,
				11E89FB123A4C36000C81B3C /* Service.swift */,
				11E89FAD23A4C36000C81B3C /* EmbeddedCredential.swift */,
				11E89FAF23A4C36000C81B3C /* Proof.swift */,
				11E89FB023A4C36000C81B3C /* CredentialSubject.swift */,
				11E89FCF23A4C36000C81B3C /* DIDPublicKey.swift */,
			);
			path = DID;
			sourceTree = "<group>";
		};
		11E89FB223A4C36000C81B3C /* Util */ = {
			isa = PBXGroup;
			children = (
				116AC38523A5FA410076BDC7 /* LRUCache.swift */,
				11E89FB323A4C36000C81B3C /* DerivedKey.swift */,
				11E89FB423A4C36000C81B3C /* DateFormater.swift */,
				11E89FB523A4C36000C81B3C /* DIDURLComparator.swift */,
				11E89FB623A4C36000C81B3C /* HDKey.swift */,
				11E89FB723A4C36000C81B3C /* JsonHelper.swift */,
				11E89FB823A4C36000C81B3C /* ExtensionInt.swift */,
				11E89FB923A4C36000C81B3C /* OrderedDictionary.swift */,
				11E89FBA23A4C36000C81B3C /* PathExtracter.swift */,
			);
			path = Util;
			sourceTree = "<group>";
		};
		11E89FBD23A4C36000C81B3C /* Backend */ = {
			isa = PBXGroup;
			children = (
				11E89FBE23A4C36000C81B3C /* DIDBackend.swift */,
				11E89FBF23A4C36000C81B3C /* IDChainRequest.swift */,
			);
			path = Backend;
			sourceTree = "<group>";
		};
		11E89FC023A4C36000C81B3C /* Parser */ = {
			isa = PBXGroup;
			children = (
				11E89FC123A4C36000C81B3C /* DIDURLLexer.tokens */,
				11E89FC223A4C36000C81B3C /* DIDURLLexerATN.swift */,
				11E89FC323A4C36000C81B3C /* DIDURLBaseListener.swift */,
				11E89FC423A4C36000C81B3C /* DIDURL.tokens */,
				11E89FC523A4C36000C81B3C /* DIDURL.g4 */,
				11E89FC623A4C36000C81B3C /* DIDURLParserATN.swift */,
				11E89FC723A4C36000C81B3C /* ParserHelper.swift */,
				11E89FC823A4C36000C81B3C /* DIDURLLexer.interp */,
				11E89FC923A4C36000C81B3C /* DIDURLLexer.swift */,
				11E89FCA23A4C36000C81B3C /* DIDURLParser.swift */,
				11E89FCB23A4C36000C81B3C /* DIDURL.interp */,
				11E89FCC23A4C36000C81B3C /* DIDURLListener.swift */,
			);
			path = Parser;
			sourceTree = "<group>";
		};
		11E89FD123A4C36000C81B3C /* Exception */ = {
			isa = PBXGroup;
			children = (
				11E89FD223A4C36000C81B3C /* DIDStoreError.swift */,
				11E89FD323A4C36000C81B3C /* MalformedDIDError.swift */,
				11E89FD423A4C36000C81B3C /* MalformedDocumentError.swift */,
				11E89FD523A4C36000C81B3C /* DIDError.swift */,
				11E89FD623A4C36000C81B3C /* MalformedDIDURLError.swift */,
				11E89FD723A4C36000C81B3C /* MalformedCredentialError.swift */,
				11E8A00423A4C39400C81B3C /* DIDResolveError.swift */,
			);
			path = Exception;
			sourceTree = "<group>";
		};
		11F262A023260CF30009C103 = {
			isa = PBXGroup;
			children = (
				11E3F791233D121900EF35C3 /* Externals */,
				11F262AC23260CF40009C103 /* ElastosDIDSDK */,
				1155D9472352FACE00DF8C9D /* ElastosDIDSDKTests */,
				11F262AB23260CF40009C103 /* Products */,
				1109D08723275DC600A03D56 /* Frameworks */,
			);
			sourceTree = "<group>";
		};
		11F262AB23260CF40009C103 /* Products */ = {
			isa = PBXGroup;
			children = (
				11F262AA23260CF40009C103 /* ElastosDIDSDK.framework */,
				1155D9462352FACE00DF8C9D /* ElastosDIDSDKTests.xctest */,
			);
			name = Products;
			sourceTree = "<group>";
		};
		11F262AC23260CF40009C103 /* ElastosDIDSDK */ = {
			isa = PBXGroup;
			children = (
				11E89FA623A4C36000C81B3C /* DID */,
				11F262AD23260CF40009C103 /* ElastosDIDSDK.h */,
				11F262AE23260CF40009C103 /* Info.plist */,
			);
			path = ElastosDIDSDK;
			sourceTree = "<group>";
		};
/* End PBXGroup section */

/* Begin PBXHeadersBuildPhase section */
		11DA0703238B80CB0066CC86 /* Headers */ = {
			isa = PBXHeadersBuildPhase;
			buildActionMask = 2147483647;
			files = (
				1137CFA82398D68900250D4F /* HDkey.h in Headers */,
				1137CFA72398D68500250D4F /* crypto.h in Headers */,
			);
			runOnlyForDeploymentPostprocessing = 0;
		};
		11F262A523260CF40009C103 /* Headers */ = {
			isa = PBXHeadersBuildPhase;
			buildActionMask = 2147483647;
			files = (
				1125B583238234FB00D396B6 /* HDkey.h in Headers */,
				11F262AF23260CF40009C103 /* ElastosDIDSDK.h in Headers */,
				1125B584238234FB00D396B6 /* crypto.h in Headers */,
			);
			runOnlyForDeploymentPostprocessing = 0;
		};
/* End PBXHeadersBuildPhase section */

/* Begin PBXNativeTarget section */
		1155D9452352FACE00DF8C9D /* ElastosDIDSDKTests */ = {
			isa = PBXNativeTarget;
			buildConfigurationList = 1155D9542352FACE00DF8C9D /* Build configuration list for PBXNativeTarget "ElastosDIDSDKTests" */;
			buildPhases = (
				11DA0703238B80CB0066CC86 /* Headers */,
				1155D9422352FACE00DF8C9D /* Sources */,
				1155D9432352FACE00DF8C9D /* Frameworks */,
				1155D9442352FACE00DF8C9D /* Resources */,
				11CA2F8623530E31009A2067 /* CopyFiles */,
			);
			buildRules = (
			);
			dependencies = (
				1155D94D2352FACE00DF8C9D /* PBXTargetDependency */,
			);
			name = ElastosDIDSDKTests;
			productName = ElastosDIDSDKTests;
			productReference = 1155D9462352FACE00DF8C9D /* ElastosDIDSDKTests.xctest */;
			productType = "com.apple.product-type.bundle.unit-test";
		};
		11F262A923260CF40009C103 /* ElastosDIDSDK */ = {
			isa = PBXNativeTarget;
			buildConfigurationList = 11F262B223260CF40009C103 /* Build configuration list for PBXNativeTarget "ElastosDIDSDK" */;
			buildPhases = (
				11F262A523260CF40009C103 /* Headers */,
				11F262A623260CF40009C103 /* Sources */,
				11F262A723260CF40009C103 /* Frameworks */,
				11F262A823260CF40009C103 /* Resources */,
				111BF482235467880043D570 /* Embed Frameworks */,
			);
			buildRules = (
			);
			dependencies = (
				11267075238CDCBA0086740D /* PBXTargetDependency */,
			);
			name = ElastosDIDSDK;
			productName = Elastos.DID.Swift.SDK;
			productReference = 11F262AA23260CF40009C103 /* ElastosDIDSDK.framework */;
			productType = "com.apple.product-type.framework";
		};
/* End PBXNativeTarget section */

/* Begin PBXProject section */
		11F262A123260CF30009C103 /* Project object */ = {
			isa = PBXProject;
			attributes = {
				LastSwiftUpdateCheck = 1120;
				LastUpgradeCheck = 1030;
				ORGANIZATIONNAME = elastos;
				TargetAttributes = {
					1155D9452352FACE00DF8C9D = {
						CreatedOnToolsVersion = 11.0;
						LastSwiftMigration = 1120;
					};
					11F262A923260CF40009C103 = {
						CreatedOnToolsVersion = 10.3;
						LastSwiftMigration = 1030;
					};
				};
			};
			buildConfigurationList = 11F262A423260CF40009C103 /* Build configuration list for PBXProject "ElastosDIDSDK" */;
			compatibilityVersion = "Xcode 9.3";
			developmentRegion = en;
			hasScannedForEncodings = 0;
			knownRegions = (
				en,
				Base,
			);
			mainGroup = 11F262A023260CF30009C103;
			productRefGroup = 11F262AB23260CF40009C103 /* Products */;
			projectDirPath = "";
			projectReferences = (
				{
					ProductGroup = 110AD2F1234E431D006578D6 /* Products */;
					ProjectRef = 110AD2F0234E431D006578D6 /* Antlr4.xcodeproj */;
				},
				{
					ProductGroup = 1126706E238CDC490086740D /* Products */;
					ProjectRef = 1126706D238CDC490086740D /* SPVAdapter.xcodeproj */;
				},
			);
			projectRoot = "";
			targets = (
				11F262A923260CF40009C103 /* ElastosDIDSDK */,
				1155D9452352FACE00DF8C9D /* ElastosDIDSDKTests */,
			);
		};
/* End PBXProject section */

/* Begin PBXReferenceProxy section */
		110AD2F8234E431D006578D6 /* Antlr4.framework */ = {
			isa = PBXReferenceProxy;
			fileType = wrapper.framework;
			path = Antlr4.framework;
			remoteRef = 110AD2F7234E431D006578D6 /* PBXContainerItemProxy */;
			sourceTree = BUILT_PRODUCTS_DIR;
		};
		110AD2FA234E431D006578D6 /* Antlr4Tests.xctest */ = {
			isa = PBXReferenceProxy;
			fileType = file;
			path = Antlr4Tests.xctest;
			remoteRef = 110AD2F9234E431D006578D6 /* PBXContainerItemProxy */;
			sourceTree = BUILT_PRODUCTS_DIR;
		};
		11267072238CDC490086740D /* SPVAdapter.framework */ = {
			isa = PBXReferenceProxy;
			fileType = wrapper.framework;
			path = SPVAdapter.framework;
			remoteRef = 11267071238CDC490086740D /* PBXContainerItemProxy */;
			sourceTree = BUILT_PRODUCTS_DIR;
		};
/* End PBXReferenceProxy section */

/* Begin PBXResourcesBuildPhase section */
		1155D9442352FACE00DF8C9D /* Resources */ = {
			isa = PBXResourcesBuildPhase;
			buildActionMask = 2147483647;
			files = (
				11E751D723A762000022C592 /* vc-twitter.json in Resources */,
				11E751C723A762000022C592 /* document.primary.sk in Resources */,
				11E751C223A762000022C592 /* vc-email.json in Resources */,
				11E751D423A762000022C592 /* vc-email.compact.json in Resources */,
				11E751CD23A762000022C592 /* vc-profile.normalized.json in Resources */,
				11E751CC23A762000022C592 /* document.key3.sk in Resources */,
				11E751D623A762000022C592 /* vc-passport.json in Resources */,
				11E751C323A762000022C592 /* vc-twitter.compact.json in Resources */,
				11E751D523A762000022C592 /* issuer.json in Resources */,
				11E751C123A762000022C592 /* document.json in Resources */,
				11E751D323A762000022C592 /* vc-twitter.normalized.json in Resources */,
				11E751C823A762000022C592 /* vc-email.normalized.json in Resources */,
				11E751C923A762000022C592 /* vc-passport.compact.json in Resources */,
				11E751CA23A762000022C592 /* vc-profile.compact.json in Resources */,
				11E751D223A762000022C592 /* issuer.compact.json in Resources */,
				11E751C523A762000022C592 /* vp.json in Resources */,
				11E751CF23A762000022C592 /* issuer.primary.sk in Resources */,
				11E751CE23A762000022C592 /* vc-passport.normalized.json in Resources */,
				11E751D123A762000022C592 /* issuer.normalized.json in Resources */,
				11E751C623A762000022C592 /* document.normalized.json in Resources */,
				11E751D923A762000022C592 /* mnemonic.restore in Resources */,
				11E751C023A762000022C592 /* vc-profile.json in Resources */,
				11E751CB23A762000022C592 /* dids.restore in Resources */,
				11E751D823A762000022C592 /* document.key2.sk in Resources */,
				11E751D023A762000022C592 /* document.compact.json in Resources */,
				11E751C423A762000022C592 /* vp.normalized.json in Resources */,
			);
			runOnlyForDeploymentPostprocessing = 0;
		};
		11F262A823260CF40009C103 /* Resources */ = {
			isa = PBXResourcesBuildPhase;
			buildActionMask = 2147483647;
			files = (
				11E89FF823A4C36000C81B3C /* DIDURL.interp in Resources */,
				11E89FF223A4C36000C81B3C /* DIDURL.g4 in Resources */,
				11E89FEE23A4C36000C81B3C /* DIDURLLexer.tokens in Resources */,
				11E89FF523A4C36000C81B3C /* DIDURLLexer.interp in Resources */,
				11E89FF123A4C36000C81B3C /* DIDURL.tokens in Resources */,
			);
			runOnlyForDeploymentPostprocessing = 0;
		};
/* End PBXResourcesBuildPhase section */

/* Begin PBXSourcesBuildPhase section */
		1155D9422352FACE00DF8C9D /* Sources */ = {
			isa = PBXSourcesBuildPhase;
			buildActionMask = 2147483647;
			files = (
				11AF58C123823C2E002F1E1B /* FakeConsoleAdaptor.swift in Sources */,
				1137CFA92398D68D00250D4F /* CHDKey.swift in Sources */,
				1137CFAB2398DE1C00250D4F /* Base58.swift in Sources */,
				11D4B9B523535E7000453218 /* DIDDoucumentTests.swift in Sources */,
				11E09CBC23A8DB5A009B6A8D /* IssuerTest.swift in Sources */,
				11054F1F239D2088008A4500 /* DIDTest.swift in Sources */,
				11E7519F23A7570A0022C592 /* TestData.swift in Sources */,
				11054F1D239D1B31008A4500 /* DIDURLTest.swift in Sources */,
				11D4B9C723545A5700453218 /* DIDStoreTests.swift in Sources */,
				119338DD237E4DB800C4998E /* TestConfig.swift in Sources */,
				11E09CBE23A8E033009B6A8D /* TestDataGenerator.swift in Sources */,
				11E751DB23A774DD0022C592 /* IDChainOperationsTest.swift in Sources */,
				11E751A523A75A120022C592 /* DummyAdapter.swift in Sources */,
				11D03AD423A9D05600549296 /* VerifiableCredentialTest.swift in Sources */,
				11D03ADA23A9D50200549296 /* VerifiablePresentationTest.swift in Sources */,
				1182866B2395194000F1BBA3 /* BulkCreate.swift in Sources */,
				111F4B7B239E315C00FEE4E0 /* Base64.swift in Sources */,
				11DA0797238B92A00066CC86 /* SPVAdaptor.swift in Sources */,
				116CAA582360092D00BBEE4F /* TestUtils.swift in Sources */,
			);
			runOnlyForDeploymentPostprocessing = 0;
		};
		11F262A623260CF40009C103 /* Sources */ = {
			isa = PBXSourcesBuildPhase;
			buildActionMask = 2147483647;
			files = (
				11E89FEC23A4C36000C81B3C /* DIDBackend.swift in Sources */,
				11E89FFB23A4C36000C81B3C /* DIDDocument.swift in Sources */,
				11E89FDD23A4C36000C81B3C /* EmbeddedCredential.swift in Sources */,
				1125B582238234FB00D396B6 /* CHDKey.swift in Sources */,
				11E89FEA23A4C36000C81B3C /* DIDAdapter.swift in Sources */,
				11E89FDF23A4C36000C81B3C /* Proof.swift in Sources */,
				11E89FE323A4C36000C81B3C /* DateFormater.swift in Sources */,
				11E8A00023A4C36000C81B3C /* MalformedDocumentError.swift in Sources */,
				116AC38A23A5FA410076BDC7 /* LRUCache.swift in Sources */,
				11E89FF623A4C36000C81B3C /* DIDURLLexer.swift in Sources */,
				11E89FF023A4C36000C81B3C /* DIDURLBaseListener.swift in Sources */,
				11E89FF723A4C36000C81B3C /* DIDURLParser.swift in Sources */,
				11E89FDA23A4C36000C81B3C /* DIDStore.swift in Sources */,
				11E89FE923A4C36000C81B3C /* PathExtracter.swift in Sources */,
				11E89FFA23A4C36000C81B3C /* DIDURL.swift in Sources */,
				11E89FD923A4C36000C81B3C /* DID.swift in Sources */,
				11E8A00723A4DAF200C81B3C /* DIDStoreBackend.swift in Sources */,
				11E89FE123A4C36000C81B3C /* Service.swift in Sources */,
				11E89FDC23A4C36000C81B3C /* VerifiablePresentation.swift in Sources */,
				11E8A00323A4C36000C81B3C /* MalformedCredentialError.swift in Sources */,
				11E89FDB23A4C36000C81B3C /* VerifiableCredential.swift in Sources */,
				11E89FE023A4C36000C81B3C /* CredentialSubject.swift in Sources */,
				11E89FEB23A4C36000C81B3C /* DIDObject.swift in Sources */,
				110AD2FF234E44C8006578D6 /* Base58.swift in Sources */,
				11E8A00523A4C39400C81B3C /* DIDResolveError.swift in Sources */,
				11E89FFC23A4C36000C81B3C /* DIDPublicKey.swift in Sources */,
				11E8A00123A4C36000C81B3C /* DIDError.swift in Sources */,
				11E89FE523A4C36000C81B3C /* HDKey.swift in Sources */,
				11E89FED23A4C36000C81B3C /* IDChainRequest.swift in Sources */,
				11E89FF423A4C36000C81B3C /* ParserHelper.swift in Sources */,
				11E89FE223A4C36000C81B3C /* DerivedKey.swift in Sources */,
				11E89FFD23A4C36000C81B3C /* FileSystemStoreBackend.swift in Sources */,
				11E89FFE23A4C36000C81B3C /* DIDStoreError.swift in Sources */,
				11E89FE823A4C36000C81B3C /* OrderedDictionary.swift in Sources */,
				11E89FF923A4C36000C81B3C /* DIDURLListener.swift in Sources */,
				11E89FF323A4C36000C81B3C /* DIDURLParserATN.swift in Sources */,
				11E89FE623A4C36000C81B3C /* JsonHelper.swift in Sources */,
				11E89FE423A4C36000C81B3C /* DIDURLComparator.swift in Sources */,
				11E8A00223A4C36000C81B3C /* MalformedDIDURLError.swift in Sources */,
				11E89FFF23A4C36000C81B3C /* MalformedDIDError.swift in Sources */,
				11E89FD823A4C36000C81B3C /* Constants.swift in Sources */,
				11E89FDE23A4C36000C81B3C /* Issuer.swift in Sources */,
				11E89FEF23A4C36000C81B3C /* DIDURLLexerATN.swift in Sources */,
				11E89FE723A4C36000C81B3C /* ExtensionInt.swift in Sources */,
			);
			runOnlyForDeploymentPostprocessing = 0;
		};
/* End PBXSourcesBuildPhase section */

/* Begin PBXTargetDependency section */
		11267075238CDCBA0086740D /* PBXTargetDependency */ = {
			isa = PBXTargetDependency;
			name = Antlr4;
			targetProxy = 11267074238CDCBA0086740D /* PBXContainerItemProxy */;
		};
		1155D94D2352FACE00DF8C9D /* PBXTargetDependency */ = {
			isa = PBXTargetDependency;
			target = 11F262A923260CF40009C103 /* ElastosDIDSDK */;
			targetProxy = 1155D94C2352FACE00DF8C9D /* PBXContainerItemProxy */;
		};
/* End PBXTargetDependency section */

/* Begin XCBuildConfiguration section */
		1155D94E2352FACE00DF8C9D /* Debug */ = {
			isa = XCBuildConfiguration;
			buildSettings = {
				BUNDLE_LOADER = "";
				CLANG_ENABLE_MODULES = YES;
				CODE_SIGN_STYLE = Automatic;
				DEVELOPMENT_TEAM = LFU7T9UYL5;
				FRAMEWORK_SEARCH_PATHS = (
					"$(inherited)",
					"$(PROJECT_DIR)/ElastosDIDSDKTests",
				);
				INFOPLIST_FILE = ElastosDIDSDKTests/Info.plist;
				IPHONEOS_DEPLOYMENT_TARGET = 9.0;
				LD_RUNPATH_SEARCH_PATHS = (
					"$(inherited)",
					"@executable_path/Frameworks",
					"@loader_path/Frameworks",
				);
				LIBRARY_SEARCH_PATHS = "$(inherited)";
				PRODUCT_BUNDLE_IDENTIFIER = elastos.ElastosDIDSDKTests;
				PRODUCT_NAME = "$(TARGET_NAME)";
				SDKROOT = iphoneos;
				SWIFT_OBJC_BRIDGING_HEADER = "ElastosDIDSDKTests/ElastosDIDSDKTests-Bridging-Header.h";
				SWIFT_OPTIMIZATION_LEVEL = "-Onone";
				SWIFT_VERSION = 4.2;
				TARGETED_DEVICE_FAMILY = "1,2";
			};
			name = Debug;
		};
		1155D94F2352FACE00DF8C9D /* Release */ = {
			isa = XCBuildConfiguration;
			buildSettings = {
				BUNDLE_LOADER = "";
				CLANG_ENABLE_MODULES = YES;
				CODE_SIGN_STYLE = Automatic;
				DEVELOPMENT_TEAM = LFU7T9UYL5;
				FRAMEWORK_SEARCH_PATHS = (
					"$(inherited)",
					"$(PROJECT_DIR)/ElastosDIDSDKTests",
				);
				INFOPLIST_FILE = ElastosDIDSDKTests/Info.plist;
				IPHONEOS_DEPLOYMENT_TARGET = 9.0;
				LD_RUNPATH_SEARCH_PATHS = (
					"$(inherited)",
					"@executable_path/Frameworks",
					"@loader_path/Frameworks",
				);
				LIBRARY_SEARCH_PATHS = "$(inherited)";
				PRODUCT_BUNDLE_IDENTIFIER = elastos.ElastosDIDSDKTests;
				PRODUCT_NAME = "$(TARGET_NAME)";
				SDKROOT = iphoneos;
				SWIFT_OBJC_BRIDGING_HEADER = "ElastosDIDSDKTests/ElastosDIDSDKTests-Bridging-Header.h";
				SWIFT_VERSION = 4.2;
				TARGETED_DEVICE_FAMILY = "1,2";
			};
			name = Release;
		};
		11F262B023260CF40009C103 /* Debug */ = {
			isa = XCBuildConfiguration;
			buildSettings = {
				ALWAYS_SEARCH_USER_PATHS = NO;
				CLANG_ANALYZER_NONNULL = YES;
				CLANG_ANALYZER_NUMBER_OBJECT_CONVERSION = YES_AGGRESSIVE;
				CLANG_CXX_LANGUAGE_STANDARD = "gnu++14";
				CLANG_CXX_LIBRARY = "libc++";
				CLANG_ENABLE_MODULES = YES;
				CLANG_ENABLE_OBJC_ARC = YES;
				CLANG_ENABLE_OBJC_WEAK = YES;
				CLANG_WARN_BLOCK_CAPTURE_AUTORELEASING = YES;
				CLANG_WARN_BOOL_CONVERSION = YES;
				CLANG_WARN_COMMA = YES;
				CLANG_WARN_CONSTANT_CONVERSION = YES;
				CLANG_WARN_DEPRECATED_OBJC_IMPLEMENTATIONS = YES;
				CLANG_WARN_DIRECT_OBJC_ISA_USAGE = YES_ERROR;
				CLANG_WARN_DOCUMENTATION_COMMENTS = YES;
				CLANG_WARN_EMPTY_BODY = YES;
				CLANG_WARN_ENUM_CONVERSION = YES;
				CLANG_WARN_INFINITE_RECURSION = YES;
				CLANG_WARN_INT_CONVERSION = YES;
				CLANG_WARN_NON_LITERAL_NULL_CONVERSION = YES;
				CLANG_WARN_OBJC_IMPLICIT_RETAIN_SELF = YES;
				CLANG_WARN_OBJC_LITERAL_CONVERSION = YES;
				CLANG_WARN_OBJC_ROOT_CLASS = YES_ERROR;
				CLANG_WARN_RANGE_LOOP_ANALYSIS = YES;
				CLANG_WARN_STRICT_PROTOTYPES = YES;
				CLANG_WARN_SUSPICIOUS_MOVE = YES;
				CLANG_WARN_UNGUARDED_AVAILABILITY = YES_AGGRESSIVE;
				CLANG_WARN_UNREACHABLE_CODE = YES;
				CLANG_WARN__DUPLICATE_METHOD_MATCH = YES;
				CODE_SIGN_IDENTITY = "iPhone Developer";
				COPY_PHASE_STRIP = NO;
				CURRENT_PROJECT_VERSION = 1;
				DEBUG_INFORMATION_FORMAT = dwarf;
				ENABLE_STRICT_OBJC_MSGSEND = YES;
				ENABLE_TESTABILITY = YES;
				GCC_C_LANGUAGE_STANDARD = gnu11;
				GCC_DYNAMIC_NO_PIC = NO;
				GCC_NO_COMMON_BLOCKS = YES;
				GCC_OPTIMIZATION_LEVEL = 0;
				GCC_PREPROCESSOR_DEFINITIONS = (
					"DEBUG=1",
					"$(inherited)",
				);
				GCC_WARN_64_TO_32_BIT_CONVERSION = YES;
				GCC_WARN_ABOUT_RETURN_TYPE = YES_ERROR;
				GCC_WARN_UNDECLARED_SELECTOR = YES;
				GCC_WARN_UNINITIALIZED_AUTOS = YES_AGGRESSIVE;
				GCC_WARN_UNUSED_FUNCTION = YES;
				GCC_WARN_UNUSED_VARIABLE = YES;
				IPHONEOS_DEPLOYMENT_TARGET = 9.0;
				MTL_ENABLE_DEBUG_INFO = INCLUDE_SOURCE;
				MTL_FAST_MATH = YES;
				ONLY_ACTIVE_ARCH = YES;
				SDKROOT = iphoneos;
				SWIFT_ACTIVE_COMPILATION_CONDITIONS = DEBUG;
				SWIFT_OPTIMIZATION_LEVEL = "-Onone";
				VERSIONING_SYSTEM = "apple-generic";
				VERSION_INFO_PREFIX = "";
			};
			name = Debug;
		};
		11F262B123260CF40009C103 /* Release */ = {
			isa = XCBuildConfiguration;
			buildSettings = {
				ALWAYS_SEARCH_USER_PATHS = NO;
				CLANG_ANALYZER_NONNULL = YES;
				CLANG_ANALYZER_NUMBER_OBJECT_CONVERSION = YES_AGGRESSIVE;
				CLANG_CXX_LANGUAGE_STANDARD = "gnu++14";
				CLANG_CXX_LIBRARY = "libc++";
				CLANG_ENABLE_MODULES = YES;
				CLANG_ENABLE_OBJC_ARC = YES;
				CLANG_ENABLE_OBJC_WEAK = YES;
				CLANG_WARN_BLOCK_CAPTURE_AUTORELEASING = YES;
				CLANG_WARN_BOOL_CONVERSION = YES;
				CLANG_WARN_COMMA = YES;
				CLANG_WARN_CONSTANT_CONVERSION = YES;
				CLANG_WARN_DEPRECATED_OBJC_IMPLEMENTATIONS = YES;
				CLANG_WARN_DIRECT_OBJC_ISA_USAGE = YES_ERROR;
				CLANG_WARN_DOCUMENTATION_COMMENTS = YES;
				CLANG_WARN_EMPTY_BODY = YES;
				CLANG_WARN_ENUM_CONVERSION = YES;
				CLANG_WARN_INFINITE_RECURSION = YES;
				CLANG_WARN_INT_CONVERSION = YES;
				CLANG_WARN_NON_LITERAL_NULL_CONVERSION = YES;
				CLANG_WARN_OBJC_IMPLICIT_RETAIN_SELF = YES;
				CLANG_WARN_OBJC_LITERAL_CONVERSION = YES;
				CLANG_WARN_OBJC_ROOT_CLASS = YES_ERROR;
				CLANG_WARN_RANGE_LOOP_ANALYSIS = YES;
				CLANG_WARN_STRICT_PROTOTYPES = YES;
				CLANG_WARN_SUSPICIOUS_MOVE = YES;
				CLANG_WARN_UNGUARDED_AVAILABILITY = YES_AGGRESSIVE;
				CLANG_WARN_UNREACHABLE_CODE = YES;
				CLANG_WARN__DUPLICATE_METHOD_MATCH = YES;
				CODE_SIGN_IDENTITY = "iPhone Developer";
				COPY_PHASE_STRIP = NO;
				CURRENT_PROJECT_VERSION = 1;
				DEBUG_INFORMATION_FORMAT = "dwarf-with-dsym";
				ENABLE_NS_ASSERTIONS = NO;
				ENABLE_STRICT_OBJC_MSGSEND = YES;
				GCC_C_LANGUAGE_STANDARD = gnu11;
				GCC_NO_COMMON_BLOCKS = YES;
				GCC_WARN_64_TO_32_BIT_CONVERSION = YES;
				GCC_WARN_ABOUT_RETURN_TYPE = YES_ERROR;
				GCC_WARN_UNDECLARED_SELECTOR = YES;
				GCC_WARN_UNINITIALIZED_AUTOS = YES_AGGRESSIVE;
				GCC_WARN_UNUSED_FUNCTION = YES;
				GCC_WARN_UNUSED_VARIABLE = YES;
				IPHONEOS_DEPLOYMENT_TARGET = 9.0;
				MTL_ENABLE_DEBUG_INFO = NO;
				MTL_FAST_MATH = YES;
				SDKROOT = iphoneos;
				SWIFT_COMPILATION_MODE = wholemodule;
				SWIFT_OPTIMIZATION_LEVEL = "-O";
				VALIDATE_PRODUCT = YES;
				VERSIONING_SYSTEM = "apple-generic";
				VERSION_INFO_PREFIX = "";
			};
			name = Release;
		};
		11F262B323260CF40009C103 /* Debug */ = {
			isa = XCBuildConfiguration;
			buildSettings = {
				CLANG_ENABLE_MODULES = YES;
				CODE_SIGN_IDENTITY = "";
				CODE_SIGN_STYLE = Automatic;
				DEFINES_MODULE = YES;
				DEVELOPMENT_TEAM = T4LVNDN76A;
				DYLIB_COMPATIBILITY_VERSION = 1;
				DYLIB_CURRENT_VERSION = 1;
				DYLIB_INSTALL_NAME_BASE = "@rpath";
				FRAMEWORK_SEARCH_PATHS = (
					"$(inherited)",
					"$(PROJECT_DIR)",
				);
				INFOPLIST_FILE = ElastosDIDSDK/Info.plist;
				INSTALL_PATH = "$(LOCAL_LIBRARY_DIR)/Frameworks";
				IPHONEOS_DEPLOYMENT_TARGET = 9.0;
				LD_RUNPATH_SEARCH_PATHS = (
					"$(inherited)",
					"@executable_path/Frameworks",
					"@loader_path/Frameworks",
				);
				LIBRARY_SEARCH_PATHS = (
					"$(inherited)",
					"$(PROJECT_DIR)/Externals/HDKey/lib/-iphonesimulator",
				);
				PRODUCT_BUNDLE_IDENTIFIER = elastos.ElastosDIDSDK;
				PRODUCT_NAME = "$(TARGET_NAME:c99extidentifier)";
				SKIP_INSTALL = YES;
				SWIFT_OPTIMIZATION_LEVEL = "-Onone";
				SWIFT_VERSION = 4.2;
				TARGETED_DEVICE_FAMILY = "1,2";
				TEST_HOST = "$(BUILT_PRODUCTS_DIR)/TestHost.app/TestHost";
			};
			name = Debug;
		};
		11F262B423260CF40009C103 /* Release */ = {
			isa = XCBuildConfiguration;
			buildSettings = {
				CLANG_ENABLE_MODULES = YES;
				CODE_SIGN_IDENTITY = "";
				CODE_SIGN_STYLE = Automatic;
				DEFINES_MODULE = YES;
				DEVELOPMENT_TEAM = T4LVNDN76A;
				DYLIB_COMPATIBILITY_VERSION = 1;
				DYLIB_CURRENT_VERSION = 1;
				DYLIB_INSTALL_NAME_BASE = "@rpath";
				FRAMEWORK_SEARCH_PATHS = (
					"$(inherited)",
					"$(PROJECT_DIR)",
				);
				INFOPLIST_FILE = ElastosDIDSDK/Info.plist;
				INSTALL_PATH = "$(LOCAL_LIBRARY_DIR)/Frameworks";
				IPHONEOS_DEPLOYMENT_TARGET = 9.0;
				LD_RUNPATH_SEARCH_PATHS = (
					"$(inherited)",
					"@executable_path/Frameworks",
					"@loader_path/Frameworks",
				);
				LIBRARY_SEARCH_PATHS = (
					"$(inherited)",
					"$(PROJECT_DIR)/Externals/HDKey/lib/-iphonesimulator",
				);
				PRODUCT_BUNDLE_IDENTIFIER = elastos.ElastosDIDSDK;
				PRODUCT_NAME = "$(TARGET_NAME:c99extidentifier)";
				SKIP_INSTALL = YES;
				SWIFT_VERSION = 4.2;
				TARGETED_DEVICE_FAMILY = "1,2";
				TEST_HOST = "$(BUILT_PRODUCTS_DIR)/TestHost.app/TestHost";
			};
			name = Release;
		};
/* End XCBuildConfiguration section */

/* Begin XCConfigurationList section */
		1155D9542352FACE00DF8C9D /* Build configuration list for PBXNativeTarget "ElastosDIDSDKTests" */ = {
			isa = XCConfigurationList;
			buildConfigurations = (
				1155D94E2352FACE00DF8C9D /* Debug */,
				1155D94F2352FACE00DF8C9D /* Release */,
			);
			defaultConfigurationIsVisible = 0;
			defaultConfigurationName = Release;
		};
		11F262A423260CF40009C103 /* Build configuration list for PBXProject "ElastosDIDSDK" */ = {
			isa = XCConfigurationList;
			buildConfigurations = (
				11F262B023260CF40009C103 /* Debug */,
				11F262B123260CF40009C103 /* Release */,
			);
			defaultConfigurationIsVisible = 0;
			defaultConfigurationName = Release;
		};
		11F262B223260CF40009C103 /* Build configuration list for PBXNativeTarget "ElastosDIDSDK" */ = {
			isa = XCConfigurationList;
			buildConfigurations = (
				11F262B323260CF40009C103 /* Debug */,
				11F262B423260CF40009C103 /* Release */,
			);
			defaultConfigurationIsVisible = 0;
			defaultConfigurationName = Release;
		};
/* End XCConfigurationList section */
	};
	rootObject = 11F262A123260CF30009C103 /* Project object */;
}
