hash: 146b1f976c2ea967ae9164bc147f8ab559cbe15cc5c2f9b31eb04ad95438d881
updated: 2018-01-23T14:33:44.041105+08:00
imports:
- name: github.com/golang/crypto
  version: 08a7dbd3d99261d9ae86ef1b3b8bdb0382fb82cd
  subpackages:
  - ripemd160
  - ssh/terminal
- name: github.com/golang/snappy
  version: 553a641470496b2327abcac10b36396bd98e45c9
- name: github.com/gorilla/websocket
  version: a91eba7f97777409bc2c443f5534d41dd20c5720
- name: github.com/itchyny/base58-go
  version: 4b24a7dfa1bfba3724ffb3598b1c6ded1cff087f
- name: github.com/pborman/uuid
  version: 1b00554d822231195d1babd97ff4a781231955c9
- name: github.com/pebbe/zmq4
  version: 90d69e412a09549f2e90bac70fbb449081f1e5c1
- name: github.com/syndtr/goleveldb
  version: 8c81ea47d4c41a385645e133e15510fc6a2a74b4
  subpackages:
  - leveldb
  - leveldb/cache
  - leveldb/comparer
  - leveldb/errors
  - leveldb/filter
  - leveldb/iterator
  - leveldb/journal
  - leveldb/memdb
  - leveldb/opt
  - leveldb/storage
  - leveldb/table
  - leveldb/util
testImports: []
